
Microsoft Visual Studio Solution File, Format Version 12.00
# Visual Studio 2013
VisualStudioVersion = 12.0.31101.0
MinimumVisualStudioVersion = 10.0.40219.1
Project("{8BC9CEB8-8B4A-11D0-8D11-00A0C91BC942}") = "iocphttpd", "iocphttpd\iocphttpd.vcxproj", "{54F797E9-FB21-4BBE-914C-4EFD66861330}"
	ProjectSection(ProjectDependencies) = postProject
		{C8430F27-BC5C-4F41-882E-F8E5A5FA0CD9} = {C8430F27-BC5C-4F41-882E-F8E5A5FA0CD9}
		{9C9048D6-37C8-44BF-BD8E-7D7F6B5AC42B} = {9C9048D6-37C8-44BF-BD8E-7D7F6B5AC42B}
	EndProjectSection
EndProject
Project("{8BC9CEB8-8B4A-11D0-8D11-00A0C91BC942}") = "iocphttpl", "iocphttpl\iocphttpl.vcxproj", "{9C9048D6-37C8-44BF-BD8E-7D7F6B5AC42B}"
	ProjectSection(ProjectDependencies) = postProject
		{C8430F27-BC5C-4F41-882E-F8E5A5FA0CD9} = {C8430F27-BC5C-4F41-882E-F8E5A5FA0CD9}
	EndProjectSection
EndProject
Project("{8BC9CEB8-8B4A-11D0-8D11-00A0C91BC942}") = "jsoncp", "jsoncp\jsoncp.vcxproj", "{C8430F27-BC5C-4F41-882E-F8E5A5FA0CD9}"
EndProject
Project("{8BC9CEB8-8B4A-11D0-8D11-00A0C91BC942}") = "UnitTestNative", "UnitTestNative\UnitTestNative.vcxproj", "{8F4A621C-54F8-409C-A301-191340C84C16}"
	ProjectSection(ProjectDependencies) = postProject
		{C8430F27-BC5C-4F41-882E-F8E5A5FA0CD9} = {C8430F27-BC5C-4F41-882E-F8E5A5FA0CD9}
	EndProjectSection
EndProject
Project("{8BC9CEB8-8B4A-11D0-8D11-00A0C91BC942}") = "melonjs", "melonjs\melonjs.vcxproj", "{BD9E08DC-14AB-42E9-8410-2F55E20704FF}"
	ProjectSection(ProjectDependencies) = postProject
		{C8430F27-BC5C-4F41-882E-F8E5A5FA0CD9} = {C8430F27-BC5C-4F41-882E-F8E5A5FA0CD9}
		{9C9048D6-37C8-44BF-BD8E-7D7F6B5AC42B} = {9C9048D6-37C8-44BF-BD8E-7D7F6B5AC42B}
	EndProjectSection
EndProject
Project("{8BC9CEB8-8B4A-11D0-8D11-00A0C91BC942}") = "iocpservicePS", "iocpservice\iocpservicePS.vcxproj", "{3FEADDD6-7436-4A57-B448-FA71D9E4CDF8}"
EndProject
Project("{8BC9CEB8-8B4A-11D0-8D11-00A0C91BC942}") = "CppWindowsService", "iocpsrv\CppWindowsService\CppWindowsService.vcxproj", "{DE70E2D1-6A4D-4984-BD82-CE750889F0D3}"
	ProjectSection(ProjectDependencies) = postProject
		{C8430F27-BC5C-4F41-882E-F8E5A5FA0CD9} = {C8430F27-BC5C-4F41-882E-F8E5A5FA0CD9}
		{9C9048D6-37C8-44BF-BD8E-7D7F6B5AC42B} = {9C9048D6-37C8-44BF-BD8E-7D7F6B5AC42B}
		{54F797E9-FB21-4BBE-914C-4EFD66861330} = {54F797E9-FB21-4BBE-914C-4EFD66861330}
	EndProjectSection
EndProject
Project("{8BC9CEB8-8B4A-11D0-8D11-00A0C91BC942}") = "CppMainService", "iocpsrv\CppMainService\CppMainService.vcxproj", "{16AB1807-7B92-4C6F-A286-6CC80C762B31}"
EndProject
Project("{8BC9CEB8-8B4A-11D0-8D11-00A0C91BC942}") = "Dealerships", "apps\Dealerships\ConsoleApp\Dealerships\Dealerships.vcxproj", "{4D143D5D-377D-48A9-A26E-60E92B990B2B}"
EndProject
Project("{8BC9CEB8-8B4A-11D0-8D11-00A0C91BC942}") = "DealershipsLib", "apps\Dealerships\Lib\DealershipsLib\DealershipsLib.vcxproj", "{79B5A808-EEBA-45CD-BD04-E8708FFDF4D8}"
EndProject
Global
	GlobalSection(SolutionConfigurationPlatforms) = preSolution
		Debug|Win32 = Debug|Win32
		Debug|x64 = Debug|x64
		dummy|Win32 = dummy|Win32
		dummy|x64 = dummy|x64
		Release|Win32 = Release|Win32
		Release|x64 = Release|x64
	EndGlobalSection
	GlobalSection(ProjectConfigurationPlatforms) = postSolution
		{54F797E9-FB21-4BBE-914C-4EFD66861330}.Debug|Win32.ActiveCfg = Debug|Win32
		{54F797E9-FB21-4BBE-914C-4EFD66861330}.Debug|Win32.Build.0 = Debug|Win32
		{54F797E9-FB21-4BBE-914C-4EFD66861330}.Debug|x64.ActiveCfg = Debug|x64
		{54F797E9-FB21-4BBE-914C-4EFD66861330}.Debug|x64.Build.0 = Debug|x64
		{54F797E9-FB21-4BBE-914C-4EFD66861330}.dummy|Win32.ActiveCfg = Debug|Win32
		{54F797E9-FB21-4BBE-914C-4EFD66861330}.dummy|Win32.Build.0 = Debug|Win32
		{54F797E9-FB21-4BBE-914C-4EFD66861330}.dummy|x64.ActiveCfg = Debug|Win32
		{54F797E9-FB21-4BBE-914C-4EFD66861330}.Release|Win32.ActiveCfg = Release|Win32
		{54F797E9-FB21-4BBE-914C-4EFD66861330}.Release|Win32.Build.0 = Release|Win32
		{54F797E9-FB21-4BBE-914C-4EFD66861330}.Release|x64.ActiveCfg = Release|x64
		{54F797E9-FB21-4BBE-914C-4EFD66861330}.Release|x64.Build.0 = Release|x64
		{9C9048D6-37C8-44BF-BD8E-7D7F6B5AC42B}.Debug|Win32.ActiveCfg = Debug|Win32
		{9C9048D6-37C8-44BF-BD8E-7D7F6B5AC42B}.Debug|Win32.Build.0 = Debug|Win32
		{9C9048D6-37C8-44BF-BD8E-7D7F6B5AC42B}.Debug|x64.ActiveCfg = Debug|x64
		{9C9048D6-37C8-44BF-BD8E-7D7F6B5AC42B}.Debug|x64.Build.0 = Debug|x64
		{9C9048D6-37C8-44BF-BD8E-7D7F6B5AC42B}.dummy|Win32.ActiveCfg = Debug|Win32
		{9C9048D6-37C8-44BF-BD8E-7D7F6B5AC42B}.dummy|Win32.Build.0 = Debug|Win32
		{9C9048D6-37C8-44BF-BD8E-7D7F6B5AC42B}.dummy|x64.ActiveCfg = Debug|Win32
		{9C9048D6-37C8-44BF-BD8E-7D7F6B5AC42B}.Release|Win32.ActiveCfg = Release|Win32
		{9C9048D6-37C8-44BF-BD8E-7D7F6B5AC42B}.Release|Win32.Build.0 = Release|Win32
		{9C9048D6-37C8-44BF-BD8E-7D7F6B5AC42B}.Release|x64.ActiveCfg = Release|x64
		{9C9048D6-37C8-44BF-BD8E-7D7F6B5AC42B}.Release|x64.Build.0 = Release|x64
		{C8430F27-BC5C-4F41-882E-F8E5A5FA0CD9}.Debug|Win32.ActiveCfg = Debug|Win32
		{C8430F27-BC5C-4F41-882E-F8E5A5FA0CD9}.Debug|Win32.Build.0 = Debug|Win32
		{C8430F27-BC5C-4F41-882E-F8E5A5FA0CD9}.Debug|x64.ActiveCfg = Debug|x64
		{C8430F27-BC5C-4F41-882E-F8E5A5FA0CD9}.Debug|x64.Build.0 = Debug|x64
		{C8430F27-BC5C-4F41-882E-F8E5A5FA0CD9}.dummy|Win32.ActiveCfg = Debug|Win32
		{C8430F27-BC5C-4F41-882E-F8E5A5FA0CD9}.dummy|Win32.Build.0 = Debug|Win32
		{C8430F27-BC5C-4F41-882E-F8E5A5FA0CD9}.dummy|x64.ActiveCfg = Debug|Win32
		{C8430F27-BC5C-4F41-882E-F8E5A5FA0CD9}.Release|Win32.ActiveCfg = Release|Win32
		{C8430F27-BC5C-4F41-882E-F8E5A5FA0CD9}.Release|Win32.Build.0 = Release|Win32
		{C8430F27-BC5C-4F41-882E-F8E5A5FA0CD9}.Release|x64.ActiveCfg = Release|x64
		{C8430F27-BC5C-4F41-882E-F8E5A5FA0CD9}.Release|x64.Build.0 = Release|x64
		{8F4A621C-54F8-409C-A301-191340C84C16}.Debug|Win32.ActiveCfg = Debug|Win32
		{8F4A621C-54F8-409C-A301-191340C84C16}.Debug|Win32.Build.0 = Debug|Win32
		{8F4A621C-54F8-409C-A301-191340C84C16}.Debug|x64.ActiveCfg = Debug|x64
		{8F4A621C-54F8-409C-A301-191340C84C16}.Debug|x64.Build.0 = Debug|x64
		{8F4A621C-54F8-409C-A301-191340C84C16}.dummy|Win32.ActiveCfg = Debug|Win32
		{8F4A621C-54F8-409C-A301-191340C84C16}.dummy|Win32.Build.0 = Debug|Win32
		{8F4A621C-54F8-409C-A301-191340C84C16}.dummy|x64.ActiveCfg = Debug|Win32
		{8F4A621C-54F8-409C-A301-191340C84C16}.Release|Win32.ActiveCfg = Release|Win32
		{8F4A621C-54F8-409C-A301-191340C84C16}.Release|Win32.Build.0 = Release|Win32
		{8F4A621C-54F8-409C-A301-191340C84C16}.Release|x64.ActiveCfg = Release|x64
		{8F4A621C-54F8-409C-A301-191340C84C16}.Release|x64.Build.0 = Release|x64
		{BD9E08DC-14AB-42E9-8410-2F55E20704FF}.Debug|Win32.ActiveCfg = Debug|Win32
		{BD9E08DC-14AB-42E9-8410-2F55E20704FF}.Debug|Win32.Build.0 = Debug|Win32
		{BD9E08DC-14AB-42E9-8410-2F55E20704FF}.Debug|x64.ActiveCfg = Debug|Win32
		{BD9E08DC-14AB-42E9-8410-2F55E20704FF}.dummy|Win32.ActiveCfg = Debug|Win32
		{BD9E08DC-14AB-42E9-8410-2F55E20704FF}.dummy|Win32.Build.0 = Debug|Win32
		{BD9E08DC-14AB-42E9-8410-2F55E20704FF}.dummy|x64.ActiveCfg = Debug|Win32
		{BD9E08DC-14AB-42E9-8410-2F55E20704FF}.Release|Win32.ActiveCfg = Release|Win32
		{BD9E08DC-14AB-42E9-8410-2F55E20704FF}.Release|Win32.Build.0 = Release|Win32
		{BD9E08DC-14AB-42E9-8410-2F55E20704FF}.Release|x64.ActiveCfg = Release|Win32
		{3FEADDD6-7436-4A57-B448-FA71D9E4CDF8}.Debug|Win32.ActiveCfg = Debug|Win32
		{3FEADDD6-7436-4A57-B448-FA71D9E4CDF8}.Debug|x64.ActiveCfg = Debug|Win32
		{3FEADDD6-7436-4A57-B448-FA71D9E4CDF8}.dummy|Win32.ActiveCfg = Debug|Win32
		{3FEADDD6-7436-4A57-B448-FA71D9E4CDF8}.dummy|x64.ActiveCfg = Debug|Win32
		{3FEADDD6-7436-4A57-B448-FA71D9E4CDF8}.Release|Win32.ActiveCfg = Release|Win32
		{3FEADDD6-7436-4A57-B448-FA71D9E4CDF8}.Release|x64.ActiveCfg = Release|Win32
		{DE70E2D1-6A4D-4984-BD82-CE750889F0D3}.Debug|Win32.ActiveCfg = Debug|Win32
		{DE70E2D1-6A4D-4984-BD82-CE750889F0D3}.Debug|Win32.Build.0 = Debug|Win32
		{DE70E2D1-6A4D-4984-BD82-CE750889F0D3}.Debug|x64.ActiveCfg = Debug|x64
		{DE70E2D1-6A4D-4984-BD82-CE750889F0D3}.Debug|x64.Build.0 = Debug|x64
		{DE70E2D1-6A4D-4984-BD82-CE750889F0D3}.dummy|Win32.ActiveCfg = Debug|Win32
		{DE70E2D1-6A4D-4984-BD82-CE750889F0D3}.dummy|Win32.Build.0 = Debug|Win32
		{DE70E2D1-6A4D-4984-BD82-CE750889F0D3}.dummy|x64.ActiveCfg = Debug|x64
		{DE70E2D1-6A4D-4984-BD82-CE750889F0D3}.dummy|x64.Build.0 = Debug|x64
		{DE70E2D1-6A4D-4984-BD82-CE750889F0D3}.Release|Win32.ActiveCfg = Release|Win32
		{DE70E2D1-6A4D-4984-BD82-CE750889F0D3}.Release|Win32.Build.0 = Release|Win32
		{DE70E2D1-6A4D-4984-BD82-CE750889F0D3}.Release|x64.ActiveCfg = Release|x64
		{DE70E2D1-6A4D-4984-BD82-CE750889F0D3}.Release|x64.Build.0 = Release|x64
		{16AB1807-7B92-4C6F-A286-6CC80C762B31}.Debug|Win32.ActiveCfg = Debug|Win32
		{16AB1807-7B92-4C6F-A286-6CC80C762B31}.Debug|Win32.Build.0 = Debug|Win32
		{16AB1807-7B92-4C6F-A286-6CC80C762B31}.Debug|x64.ActiveCfg = Debug|x64
		{16AB1807-7B92-4C6F-A286-6CC80C762B31}.Debug|x64.Build.0 = Debug|x64
		{16AB1807-7B92-4C6F-A286-6CC80C762B31}.dummy|Win32.ActiveCfg = Debug|Win32
		{16AB1807-7B92-4C6F-A286-6CC80C762B31}.dummy|Win32.Build.0 = Debug|Win32
		{16AB1807-7B92-4C6F-A286-6CC80C762B31}.dummy|x64.ActiveCfg = Debug|x64
		{16AB1807-7B92-4C6F-A286-6CC80C762B31}.dummy|x64.Build.0 = Debug|x64
		{16AB1807-7B92-4C6F-A286-6CC80C762B31}.Release|Win32.ActiveCfg = Release|Win32
		{16AB1807-7B92-4C6F-A286-6CC80C762B31}.Release|Win32.Build.0 = Release|Win32
		{16AB1807-7B92-4C6F-A286-6CC80C762B31}.Release|x64.ActiveCfg = Release|x64
		{16AB1807-7B92-4C6F-A286-6CC80C762B31}.Release|x64.Build.0 = Release|x64
		{4D143D5D-377D-48A9-A26E-60E92B990B2B}.Debug|Win32.ActiveCfg = Debug|Win32
		{4D143D5D-377D-48A9-A26E-60E92B990B2B}.Debug|Win32.Build.0 = Debug|Win32
		{4D143D5D-377D-48A9-A26E-60E92B990B2B}.Debug|x64.ActiveCfg = Debug|Win32
		{4D143D5D-377D-48A9-A26E-60E92B990B2B}.dummy|Win32.ActiveCfg = Debug|Win32
		{4D143D5D-377D-48A9-A26E-60E92B990B2B}.dummy|Win32.Build.0 = Debug|Win32
		{4D143D5D-377D-48A9-A26E-60E92B990B2B}.dummy|x64.ActiveCfg = Debug|Win32
		{4D143D5D-377D-48A9-A26E-60E92B990B2B}.Release|Win32.ActiveCfg = Release|Win32
		{4D143D5D-377D-48A9-A26E-60E92B990B2B}.Release|Win32.Build.0 = Release|Win32
		{4D143D5D-377D-48A9-A26E-60E92B990B2B}.Release|x64.ActiveCfg = Release|Win32
		{79B5A808-EEBA-45CD-BD04-E8708FFDF4D8}.Debug|Win32.ActiveCfg = Debug|Win32
		{79B5A808-EEBA-45CD-BD04-E8708FFDF4D8}.Debug|Win32.Build.0 = Debug|Win32
		{79B5A808-EEBA-45CD-BD04-E8708FFDF4D8}.Debug|x64.ActiveCfg = Debug|Win32
		{79B5A808-EEBA-45CD-BD04-E8708FFDF4D8}.dummy|Win32.ActiveCfg = Debug|Win32
		{79B5A808-EEBA-45CD-BD04-E8708FFDF4D8}.dummy|Win32.Build.0 = Debug|Win32
		{79B5A808-EEBA-45CD-BD04-E8708FFDF4D8}.dummy|x64.ActiveCfg = Debug|Win32
		{79B5A808-EEBA-45CD-BD04-E8708FFDF4D8}.Release|Win32.ActiveCfg = Release|Win32
		{79B5A808-EEBA-45CD-BD04-E8708FFDF4D8}.Release|Win32.Build.0 = Release|Win32
		{79B5A808-EEBA-45CD-BD04-E8708FFDF4D8}.Release|x64.ActiveCfg = Release|x64
		{79B5A808-EEBA-45CD-BD04-E8708FFDF4D8}.Release|x64.Build.0 = Release|x64
	EndGlobalSection
	GlobalSection(SolutionProperties) = preSolution
		HideSolutionNode = FALSE
	EndGlobalSection
EndGlobal
