
Microsoft Visual Studio Solution File, Format Version 12.00
# Visual Studio 2013
VisualStudioVersion = 12.0.31101.0
MinimumVisualStudioVersion = 10.0.40219.1
Project("{8BC9CEB8-8B4A-11D0-8D11-00A0C91BC942}") = "iocphttpd", "iocphttpd\iocphttpd.vcxproj", "{54F797E9-FB21-4BBE-914C-4EFD66861330}"
	ProjectSection(ProjectDependencies) = postProject
		{B59EB318-70BF-410B-8457-EB0FB9693BCF} = {B59EB318-70BF-410B-8457-EB0FB9693BCF}
		{C8430F27-BC5C-4F41-882E-F8E5A5FA0CD9} = {C8430F27-BC5C-4F41-882E-F8E5A5FA0CD9}
		{112387A1-6378-4C10-90EA-F7735577C2A5} = {112387A1-6378-4C10-90EA-F7735577C2A5}
		{DF4CBFC5-6690-4DCB-81DE-589472D1DB00} = {DF4CBFC5-6690-4DCB-81DE-589472D1DB00}
		{9C9048D6-37C8-44BF-BD8E-7D7F6B5AC42B} = {9C9048D6-37C8-44BF-BD8E-7D7F6B5AC42B}
	EndProjectSection
EndProject
Project("{8BC9CEB8-8B4A-11D0-8D11-00A0C91BC942}") = "iocphttpl", "iocphttpl\iocphttpl.vcxproj", "{9C9048D6-37C8-44BF-BD8E-7D7F6B5AC42B}"
	ProjectSection(ProjectDependencies) = postProject
		{C8430F27-BC5C-4F41-882E-F8E5A5FA0CD9} = {C8430F27-BC5C-4F41-882E-F8E5A5FA0CD9}
		{DF4CBFC5-6690-4DCB-81DE-589472D1DB00} = {DF4CBFC5-6690-4DCB-81DE-589472D1DB00}
	EndProjectSection
EndProject
Project("{8BC9CEB8-8B4A-11D0-8D11-00A0C91BC942}") = "jsoncp", "jsoncp\jsoncp.vcxproj", "{C8430F27-BC5C-4F41-882E-F8E5A5FA0CD9}"
EndProject
Project("{8BC9CEB8-8B4A-11D0-8D11-00A0C91BC942}") = "UnitTestNative", "UnitTestNative\UnitTestNative.vcxproj", "{8F4A621C-54F8-409C-A301-191340C84C16}"
	ProjectSection(ProjectDependencies) = postProject
		{C8430F27-BC5C-4F41-882E-F8E5A5FA0CD9} = {C8430F27-BC5C-4F41-882E-F8E5A5FA0CD9}
		{BA75F2E0-EBB4-4DBA-9ED3-068102D3BA7E} = {BA75F2E0-EBB4-4DBA-9ED3-068102D3BA7E}
	EndProjectSection
EndProject
Project("{8BC9CEB8-8B4A-11D0-8D11-00A0C91BC942}") = "melonjs", "melonjs\melonjs.vcxproj", "{BD9E08DC-14AB-42E9-8410-2F55E20704FF}"
	ProjectSection(ProjectDependencies) = postProject
		{5B893221-B35C-4E2A-97C4-AB3BD3459D7D} = {5B893221-B35C-4E2A-97C4-AB3BD3459D7D}
		{C8430F27-BC5C-4F41-882E-F8E5A5FA0CD9} = {C8430F27-BC5C-4F41-882E-F8E5A5FA0CD9}
		{DF4CBFC5-6690-4DCB-81DE-589472D1DB00} = {DF4CBFC5-6690-4DCB-81DE-589472D1DB00}
		{9C9048D6-37C8-44BF-BD8E-7D7F6B5AC42B} = {9C9048D6-37C8-44BF-BD8E-7D7F6B5AC42B}
	EndProjectSection
EndProject
Project("{8BC9CEB8-8B4A-11D0-8D11-00A0C91BC942}") = "iocpservicePS", "iocpservice\iocpservicePS.vcxproj", "{3FEADDD6-7436-4A57-B448-FA71D9E4CDF8}"
EndProject
Project("{8BC9CEB8-8B4A-11D0-8D11-00A0C91BC942}") = "netiocp", "netiocp\netiocp.vcxproj", "{BA75F2E0-EBB4-4DBA-9ED3-068102D3BA7E}"
	ProjectSection(ProjectDependencies) = postProject
		{C8430F27-BC5C-4F41-882E-F8E5A5FA0CD9} = {C8430F27-BC5C-4F41-882E-F8E5A5FA0CD9}
	EndProjectSection
EndProject
Project("{8BC9CEB8-8B4A-11D0-8D11-00A0C91BC942}") = "netiocp_test", "netiocp_test\netiocp_test.vcxproj", "{9E9B44BB-EB23-49C5-8A4E-1EB07E069FBB}"
	ProjectSection(ProjectDependencies) = postProject
		{C8430F27-BC5C-4F41-882E-F8E5A5FA0CD9} = {C8430F27-BC5C-4F41-882E-F8E5A5FA0CD9}
		{BA75F2E0-EBB4-4DBA-9ED3-068102D3BA7E} = {BA75F2E0-EBB4-4DBA-9ED3-068102D3BA7E}
		{50845CFE-55B9-49C9-838C-17A0F27154FD} = {50845CFE-55B9-49C9-838C-17A0F27154FD}
	EndProjectSection
EndProject
Project("{8BC9CEB8-8B4A-11D0-8D11-00A0C91BC942}") = "httpmodule2", "httpmodule2\httpmodule2.vcxproj", "{50845CFE-55B9-49C9-838C-17A0F27154FD}"
EndProject
Project("{FAE04EC0-301F-11D3-BF4B-00C04F79EFBC}") = "walkerroadlib", "walkerroadlib\walkerroadlib.csproj", "{BC627F8A-57E5-40C6-B30C-7E29BEEA063B}"
EndProject
Project("{FAE04EC0-301F-11D3-BF4B-00C04F79EFBC}") = "walkerroadtest", "walkerroadtest\walkerroadtest.csproj", "{92DF16BA-4CF8-4CAE-9305-BDC9FDECEA7C}"
EndProject
Project("{8BC9CEB8-8B4A-11D0-8D11-00A0C91BC942}") = "websocket_l", "websocket_l\websocket_l.vcxproj", "{DF4CBFC5-6690-4DCB-81DE-589472D1DB00}"
EndProject
Project("{8BC9CEB8-8B4A-11D0-8D11-00A0C91BC942}") = "securechannel_l", "securechannel_l\securechannel_l.vcxproj", "{7E20D1D3-111B-4927-8371-3A6233685689}"
EndProject
Project("{8BC9CEB8-8B4A-11D0-8D11-00A0C91BC942}") = "securechanneltest", "securechanneltest\securechanneltest.vcxproj", "{26C56E8B-E7AC-4EAE-9D95-A4AC67EBF49D}"
	ProjectSection(ProjectDependencies) = postProject
		{DF4CBFC5-6690-4DCB-81DE-589472D1DB00} = {DF4CBFC5-6690-4DCB-81DE-589472D1DB00}
	EndProjectSection
EndProject
Project("{8BC9CEB8-8B4A-11D0-8D11-00A0C91BC942}") = "database_l", "database_l\database_l.vcxproj", "{112387A1-6378-4C10-90EA-F7735577C2A5}"
EndProject
Project("{8BC9CEB8-8B4A-11D0-8D11-00A0C91BC942}") = "database_test", "database_test\database_test.vcxproj", "{ED300E94-1C5C-43B1-99E7-154D6F6C8C92}"
	ProjectSection(ProjectDependencies) = postProject
		{B59EB318-70BF-410B-8457-EB0FB9693BCF} = {B59EB318-70BF-410B-8457-EB0FB9693BCF}
		{112387A1-6378-4C10-90EA-F7735577C2A5} = {112387A1-6378-4C10-90EA-F7735577C2A5}
	EndProjectSection
EndProject
Project("{2150E333-8FDC-42A3-9474-1A3956D46DE8}") = "Solution Items", "Solution Items", "{7CC23EA8-63C2-4B20-8549-F0C120E288CF}"
EndProject
Project("{8BC9CEB8-8B4A-11D0-8D11-00A0C91BC942}") = "database_demo_l", "database_demo_l\database_demo_l.vcxproj", "{B59EB318-70BF-410B-8457-EB0FB9693BCF}"
	ProjectSection(ProjectDependencies) = postProject
		{112387A1-6378-4C10-90EA-F7735577C2A5} = {112387A1-6378-4C10-90EA-F7735577C2A5}
	EndProjectSection
EndProject
Project("{8BC9CEB8-8B4A-11D0-8D11-00A0C91BC942}") = "carconfig", "websitecarconfig\carconfig.vcxproj", "{7977A5A2-4520-43F6-A966-D749AEAD21DE}"
	ProjectSection(ProjectDependencies) = postProject
		{C8430F27-BC5C-4F41-882E-F8E5A5FA0CD9} = {C8430F27-BC5C-4F41-882E-F8E5A5FA0CD9}
		{9C9048D6-37C8-44BF-BD8E-7D7F6B5AC42B} = {9C9048D6-37C8-44BF-BD8E-7D7F6B5AC42B}
	EndProjectSection
EndProject
Project("{8BC9CEB8-8B4A-11D0-8D11-00A0C91BC942}") = "gamelib", "gamelib\gamelib.vcxproj", "{5B893221-B35C-4E2A-97C4-AB3BD3459D7D}"
EndProject
Project("{8BC9CEB8-8B4A-11D0-8D11-00A0C91BC942}") = "iocpws", "iocpws\iocpws.vcxproj", "{D09DF140-8A88-4905-8E77-2255B1D5BE7A}"
	ProjectSection(ProjectDependencies) = postProject
		{C8430F27-BC5C-4F41-882E-F8E5A5FA0CD9} = {C8430F27-BC5C-4F41-882E-F8E5A5FA0CD9}
		{112387A1-6378-4C10-90EA-F7735577C2A5} = {112387A1-6378-4C10-90EA-F7735577C2A5}
		{DF4CBFC5-6690-4DCB-81DE-589472D1DB00} = {DF4CBFC5-6690-4DCB-81DE-589472D1DB00}
		{9C9048D6-37C8-44BF-BD8E-7D7F6B5AC42B} = {9C9048D6-37C8-44BF-BD8E-7D7F6B5AC42B}
	EndProjectSection
EndProject
Global
	GlobalSection(SolutionConfigurationPlatforms) = preSolution
		Debug|Any CPU = Debug|Any CPU
		Debug|Mixed Platforms = Debug|Mixed Platforms
		Debug|Win32 = Debug|Win32
		Debug|x64 = Debug|x64
		dummy|Any CPU = dummy|Any CPU
		dummy|Mixed Platforms = dummy|Mixed Platforms
		dummy|Win32 = dummy|Win32
		dummy|x64 = dummy|x64
		Release|Any CPU = Release|Any CPU
		Release|Mixed Platforms = Release|Mixed Platforms
		Release|Win32 = Release|Win32
		Release|x64 = Release|x64
	EndGlobalSection
	GlobalSection(ProjectConfigurationPlatforms) = postSolution
		{54F797E9-FB21-4BBE-914C-4EFD66861330}.Debug|Any CPU.ActiveCfg = Debug|Win32
		{54F797E9-FB21-4BBE-914C-4EFD66861330}.Debug|Mixed Platforms.ActiveCfg = Debug|Win32
		{54F797E9-FB21-4BBE-914C-4EFD66861330}.Debug|Mixed Platforms.Build.0 = Debug|Win32
		{54F797E9-FB21-4BBE-914C-4EFD66861330}.Debug|Win32.ActiveCfg = Debug|Win32
		{54F797E9-FB21-4BBE-914C-4EFD66861330}.Debug|Win32.Build.0 = Debug|Win32
		{54F797E9-FB21-4BBE-914C-4EFD66861330}.Debug|x64.ActiveCfg = Debug|x64
		{54F797E9-FB21-4BBE-914C-4EFD66861330}.Debug|x64.Build.0 = Debug|x64
		{54F797E9-FB21-4BBE-914C-4EFD66861330}.dummy|Any CPU.ActiveCfg = Debug|Win32
		{54F797E9-FB21-4BBE-914C-4EFD66861330}.dummy|Mixed Platforms.ActiveCfg = Debug|Win32
		{54F797E9-FB21-4BBE-914C-4EFD66861330}.dummy|Mixed Platforms.Build.0 = Debug|Win32
		{54F797E9-FB21-4BBE-914C-4EFD66861330}.dummy|Win32.ActiveCfg = Debug|Win32
		{54F797E9-FB21-4BBE-914C-4EFD66861330}.dummy|Win32.Build.0 = Debug|Win32
		{54F797E9-FB21-4BBE-914C-4EFD66861330}.dummy|x64.ActiveCfg = Debug|Win32
		{54F797E9-FB21-4BBE-914C-4EFD66861330}.Release|Any CPU.ActiveCfg = Release|Win32
		{54F797E9-FB21-4BBE-914C-4EFD66861330}.Release|Mixed Platforms.ActiveCfg = Release|Win32
		{54F797E9-FB21-4BBE-914C-4EFD66861330}.Release|Mixed Platforms.Build.0 = Release|Win32
		{54F797E9-FB21-4BBE-914C-4EFD66861330}.Release|Win32.ActiveCfg = Release|Win32
		{54F797E9-FB21-4BBE-914C-4EFD66861330}.Release|Win32.Build.0 = Release|Win32
		{54F797E9-FB21-4BBE-914C-4EFD66861330}.Release|x64.ActiveCfg = Release|x64
		{54F797E9-FB21-4BBE-914C-4EFD66861330}.Release|x64.Build.0 = Release|x64
		{9C9048D6-37C8-44BF-BD8E-7D7F6B5AC42B}.Debug|Any CPU.ActiveCfg = Debug|Win32
		{9C9048D6-37C8-44BF-BD8E-7D7F6B5AC42B}.Debug|Mixed Platforms.ActiveCfg = Debug|Win32
		{9C9048D6-37C8-44BF-BD8E-7D7F6B5AC42B}.Debug|Mixed Platforms.Build.0 = Debug|Win32
		{9C9048D6-37C8-44BF-BD8E-7D7F6B5AC42B}.Debug|Win32.ActiveCfg = Debug|Win32
		{9C9048D6-37C8-44BF-BD8E-7D7F6B5AC42B}.Debug|Win32.Build.0 = Debug|Win32
		{9C9048D6-37C8-44BF-BD8E-7D7F6B5AC42B}.Debug|x64.ActiveCfg = Debug|x64
		{9C9048D6-37C8-44BF-BD8E-7D7F6B5AC42B}.Debug|x64.Build.0 = Debug|x64
		{9C9048D6-37C8-44BF-BD8E-7D7F6B5AC42B}.dummy|Any CPU.ActiveCfg = Debug|Win32
		{9C9048D6-37C8-44BF-BD8E-7D7F6B5AC42B}.dummy|Mixed Platforms.ActiveCfg = Debug|Win32
		{9C9048D6-37C8-44BF-BD8E-7D7F6B5AC42B}.dummy|Mixed Platforms.Build.0 = Debug|Win32
		{9C9048D6-37C8-44BF-BD8E-7D7F6B5AC42B}.dummy|Win32.ActiveCfg = Debug|Win32
		{9C9048D6-37C8-44BF-BD8E-7D7F6B5AC42B}.dummy|Win32.Build.0 = Debug|Win32
		{9C9048D6-37C8-44BF-BD8E-7D7F6B5AC42B}.dummy|x64.ActiveCfg = Debug|Win32
		{9C9048D6-37C8-44BF-BD8E-7D7F6B5AC42B}.Release|Any CPU.ActiveCfg = Release|Win32
		{9C9048D6-37C8-44BF-BD8E-7D7F6B5AC42B}.Release|Mixed Platforms.ActiveCfg = Release|Win32
		{9C9048D6-37C8-44BF-BD8E-7D7F6B5AC42B}.Release|Mixed Platforms.Build.0 = Release|Win32
		{9C9048D6-37C8-44BF-BD8E-7D7F6B5AC42B}.Release|Win32.ActiveCfg = Release|Win32
		{9C9048D6-37C8-44BF-BD8E-7D7F6B5AC42B}.Release|Win32.Build.0 = Release|Win32
		{9C9048D6-37C8-44BF-BD8E-7D7F6B5AC42B}.Release|x64.ActiveCfg = Release|x64
		{9C9048D6-37C8-44BF-BD8E-7D7F6B5AC42B}.Release|x64.Build.0 = Release|x64
		{C8430F27-BC5C-4F41-882E-F8E5A5FA0CD9}.Debug|Any CPU.ActiveCfg = Debug|Win32
		{C8430F27-BC5C-4F41-882E-F8E5A5FA0CD9}.Debug|Mixed Platforms.ActiveCfg = Debug|Win32
		{C8430F27-BC5C-4F41-882E-F8E5A5FA0CD9}.Debug|Mixed Platforms.Build.0 = Debug|Win32
		{C8430F27-BC5C-4F41-882E-F8E5A5FA0CD9}.Debug|Win32.ActiveCfg = Debug|Win32
		{C8430F27-BC5C-4F41-882E-F8E5A5FA0CD9}.Debug|Win32.Build.0 = Debug|Win32
		{C8430F27-BC5C-4F41-882E-F8E5A5FA0CD9}.Debug|x64.ActiveCfg = Debug|x64
		{C8430F27-BC5C-4F41-882E-F8E5A5FA0CD9}.Debug|x64.Build.0 = Debug|x64
		{C8430F27-BC5C-4F41-882E-F8E5A5FA0CD9}.dummy|Any CPU.ActiveCfg = Debug|Win32
		{C8430F27-BC5C-4F41-882E-F8E5A5FA0CD9}.dummy|Mixed Platforms.ActiveCfg = Debug|Win32
		{C8430F27-BC5C-4F41-882E-F8E5A5FA0CD9}.dummy|Mixed Platforms.Build.0 = Debug|Win32
		{C8430F27-BC5C-4F41-882E-F8E5A5FA0CD9}.dummy|Win32.ActiveCfg = Debug|Win32
		{C8430F27-BC5C-4F41-882E-F8E5A5FA0CD9}.dummy|Win32.Build.0 = Debug|Win32
		{C8430F27-BC5C-4F41-882E-F8E5A5FA0CD9}.dummy|x64.ActiveCfg = Debug|Win32
		{C8430F27-BC5C-4F41-882E-F8E5A5FA0CD9}.Release|Any CPU.ActiveCfg = Release|Win32
		{C8430F27-BC5C-4F41-882E-F8E5A5FA0CD9}.Release|Mixed Platforms.ActiveCfg = Release|Win32
		{C8430F27-BC5C-4F41-882E-F8E5A5FA0CD9}.Release|Mixed Platforms.Build.0 = Release|Win32
		{C8430F27-BC5C-4F41-882E-F8E5A5FA0CD9}.Release|Win32.ActiveCfg = Release|Win32
		{C8430F27-BC5C-4F41-882E-F8E5A5FA0CD9}.Release|Win32.Build.0 = Release|Win32
		{C8430F27-BC5C-4F41-882E-F8E5A5FA0CD9}.Release|x64.ActiveCfg = Release|x64
		{C8430F27-BC5C-4F41-882E-F8E5A5FA0CD9}.Release|x64.Build.0 = Release|x64
		{8F4A621C-54F8-409C-A301-191340C84C16}.Debug|Any CPU.ActiveCfg = Debug|Win32
		{8F4A621C-54F8-409C-A301-191340C84C16}.Debug|Mixed Platforms.ActiveCfg = Debug|Win32
		{8F4A621C-54F8-409C-A301-191340C84C16}.Debug|Mixed Platforms.Build.0 = Debug|Win32
		{8F4A621C-54F8-409C-A301-191340C84C16}.Debug|Win32.ActiveCfg = Debug|Win32
		{8F4A621C-54F8-409C-A301-191340C84C16}.Debug|Win32.Build.0 = Debug|Win32
		{8F4A621C-54F8-409C-A301-191340C84C16}.Debug|x64.ActiveCfg = Debug|x64
		{8F4A621C-54F8-409C-A301-191340C84C16}.Debug|x64.Build.0 = Debug|x64
		{8F4A621C-54F8-409C-A301-191340C84C16}.dummy|Any CPU.ActiveCfg = Debug|Win32
		{8F4A621C-54F8-409C-A301-191340C84C16}.dummy|Mixed Platforms.ActiveCfg = Debug|Win32
		{8F4A621C-54F8-409C-A301-191340C84C16}.dummy|Mixed Platforms.Build.0 = Debug|Win32
		{8F4A621C-54F8-409C-A301-191340C84C16}.dummy|Win32.ActiveCfg = Debug|Win32
		{8F4A621C-54F8-409C-A301-191340C84C16}.dummy|Win32.Build.0 = Debug|Win32
		{8F4A621C-54F8-409C-A301-191340C84C16}.dummy|x64.ActiveCfg = Debug|Win32
		{8F4A621C-54F8-409C-A301-191340C84C16}.Release|Any CPU.ActiveCfg = Release|Win32
		{8F4A621C-54F8-409C-A301-191340C84C16}.Release|Mixed Platforms.ActiveCfg = Release|Win32
		{8F4A621C-54F8-409C-A301-191340C84C16}.Release|Mixed Platforms.Build.0 = Release|Win32
		{8F4A621C-54F8-409C-A301-191340C84C16}.Release|Win32.ActiveCfg = Release|Win32
		{8F4A621C-54F8-409C-A301-191340C84C16}.Release|Win32.Build.0 = Release|Win32
		{8F4A621C-54F8-409C-A301-191340C84C16}.Release|x64.ActiveCfg = Release|x64
		{8F4A621C-54F8-409C-A301-191340C84C16}.Release|x64.Build.0 = Release|x64
		{BD9E08DC-14AB-42E9-8410-2F55E20704FF}.Debug|Any CPU.ActiveCfg = Debug|Win32
		{BD9E08DC-14AB-42E9-8410-2F55E20704FF}.Debug|Mixed Platforms.ActiveCfg = Debug|Win32
		{BD9E08DC-14AB-42E9-8410-2F55E20704FF}.Debug|Mixed Platforms.Build.0 = Debug|Win32
		{BD9E08DC-14AB-42E9-8410-2F55E20704FF}.Debug|Win32.ActiveCfg = Debug|Win32
		{BD9E08DC-14AB-42E9-8410-2F55E20704FF}.Debug|Win32.Build.0 = Debug|Win32
		{BD9E08DC-14AB-42E9-8410-2F55E20704FF}.Debug|x64.ActiveCfg = Debug|Win32
		{BD9E08DC-14AB-42E9-8410-2F55E20704FF}.dummy|Any CPU.ActiveCfg = Debug|Win32
		{BD9E08DC-14AB-42E9-8410-2F55E20704FF}.dummy|Mixed Platforms.ActiveCfg = Debug|Win32
		{BD9E08DC-14AB-42E9-8410-2F55E20704FF}.dummy|Mixed Platforms.Build.0 = Debug|Win32
		{BD9E08DC-14AB-42E9-8410-2F55E20704FF}.dummy|Win32.ActiveCfg = Debug|Win32
		{BD9E08DC-14AB-42E9-8410-2F55E20704FF}.dummy|Win32.Build.0 = Debug|Win32
		{BD9E08DC-14AB-42E9-8410-2F55E20704FF}.dummy|x64.ActiveCfg = Debug|Win32
		{BD9E08DC-14AB-42E9-8410-2F55E20704FF}.Release|Any CPU.ActiveCfg = Release|Win32
		{BD9E08DC-14AB-42E9-8410-2F55E20704FF}.Release|Mixed Platforms.ActiveCfg = Release|Win32
		{BD9E08DC-14AB-42E9-8410-2F55E20704FF}.Release|Mixed Platforms.Build.0 = Release|Win32
		{BD9E08DC-14AB-42E9-8410-2F55E20704FF}.Release|Win32.ActiveCfg = Release|Win32
		{BD9E08DC-14AB-42E9-8410-2F55E20704FF}.Release|Win32.Build.0 = Release|Win32
		{BD9E08DC-14AB-42E9-8410-2F55E20704FF}.Release|x64.ActiveCfg = Release|Win32
		{3FEADDD6-7436-4A57-B448-FA71D9E4CDF8}.Debug|Any CPU.ActiveCfg = Debug|Win32
		{3FEADDD6-7436-4A57-B448-FA71D9E4CDF8}.Debug|Mixed Platforms.ActiveCfg = Debug|Win32
		{3FEADDD6-7436-4A57-B448-FA71D9E4CDF8}.Debug|Mixed Platforms.Build.0 = Debug|Win32
		{3FEADDD6-7436-4A57-B448-FA71D9E4CDF8}.Debug|Win32.ActiveCfg = Debug|Win32
		{3FEADDD6-7436-4A57-B448-FA71D9E4CDF8}.Debug|x64.ActiveCfg = Debug|Win32
		{3FEADDD6-7436-4A57-B448-FA71D9E4CDF8}.dummy|Any CPU.ActiveCfg = Debug|Win32
		{3FEADDD6-7436-4A57-B448-FA71D9E4CDF8}.dummy|Mixed Platforms.ActiveCfg = Debug|Win32
		{3FEADDD6-7436-4A57-B448-FA71D9E4CDF8}.dummy|Mixed Platforms.Build.0 = Debug|Win32
		{3FEADDD6-7436-4A57-B448-FA71D9E4CDF8}.dummy|Win32.ActiveCfg = Debug|Win32
		{3FEADDD6-7436-4A57-B448-FA71D9E4CDF8}.dummy|x64.ActiveCfg = Debug|Win32
		{3FEADDD6-7436-4A57-B448-FA71D9E4CDF8}.Release|Any CPU.ActiveCfg = Release|Win32
		{3FEADDD6-7436-4A57-B448-FA71D9E4CDF8}.Release|Mixed Platforms.ActiveCfg = Release|Win32
		{3FEADDD6-7436-4A57-B448-FA71D9E4CDF8}.Release|Mixed Platforms.Build.0 = Release|Win32
		{3FEADDD6-7436-4A57-B448-FA71D9E4CDF8}.Release|Win32.ActiveCfg = Release|Win32
		{3FEADDD6-7436-4A57-B448-FA71D9E4CDF8}.Release|x64.ActiveCfg = Release|Win32
		{BA75F2E0-EBB4-4DBA-9ED3-068102D3BA7E}.Debug|Any CPU.ActiveCfg = Debug|Win32
		{BA75F2E0-EBB4-4DBA-9ED3-068102D3BA7E}.Debug|Mixed Platforms.ActiveCfg = Debug|Win32
		{BA75F2E0-EBB4-4DBA-9ED3-068102D3BA7E}.Debug|Mixed Platforms.Build.0 = Debug|Win32
		{BA75F2E0-EBB4-4DBA-9ED3-068102D3BA7E}.Debug|Win32.ActiveCfg = Debug|Win32
		{BA75F2E0-EBB4-4DBA-9ED3-068102D3BA7E}.Debug|Win32.Build.0 = Debug|Win32
		{BA75F2E0-EBB4-4DBA-9ED3-068102D3BA7E}.Debug|x64.ActiveCfg = Debug|Win32
		{BA75F2E0-EBB4-4DBA-9ED3-068102D3BA7E}.dummy|Any CPU.ActiveCfg = Debug|Win32
		{BA75F2E0-EBB4-4DBA-9ED3-068102D3BA7E}.dummy|Mixed Platforms.ActiveCfg = Debug|Win32
		{BA75F2E0-EBB4-4DBA-9ED3-068102D3BA7E}.dummy|Mixed Platforms.Build.0 = Debug|Win32
		{BA75F2E0-EBB4-4DBA-9ED3-068102D3BA7E}.dummy|Win32.ActiveCfg = Debug|Win32
		{BA75F2E0-EBB4-4DBA-9ED3-068102D3BA7E}.dummy|Win32.Build.0 = Debug|Win32
		{BA75F2E0-EBB4-4DBA-9ED3-068102D3BA7E}.dummy|x64.ActiveCfg = Debug|Win32
		{BA75F2E0-EBB4-4DBA-9ED3-068102D3BA7E}.Release|Any CPU.ActiveCfg = Release|Win32
		{BA75F2E0-EBB4-4DBA-9ED3-068102D3BA7E}.Release|Mixed Platforms.ActiveCfg = Release|Win32
		{BA75F2E0-EBB4-4DBA-9ED3-068102D3BA7E}.Release|Mixed Platforms.Build.0 = Release|Win32
		{BA75F2E0-EBB4-4DBA-9ED3-068102D3BA7E}.Release|Win32.ActiveCfg = Release|Win32
		{BA75F2E0-EBB4-4DBA-9ED3-068102D3BA7E}.Release|Win32.Build.0 = Release|Win32
		{BA75F2E0-EBB4-4DBA-9ED3-068102D3BA7E}.Release|x64.ActiveCfg = Release|Win32
		{9E9B44BB-EB23-49C5-8A4E-1EB07E069FBB}.Debug|Any CPU.ActiveCfg = Debug|Win32
		{9E9B44BB-EB23-49C5-8A4E-1EB07E069FBB}.Debug|Mixed Platforms.ActiveCfg = Debug|Win32
		{9E9B44BB-EB23-49C5-8A4E-1EB07E069FBB}.Debug|Mixed Platforms.Build.0 = Debug|Win32
		{9E9B44BB-EB23-49C5-8A4E-1EB07E069FBB}.Debug|Win32.ActiveCfg = Debug|Win32
		{9E9B44BB-EB23-49C5-8A4E-1EB07E069FBB}.Debug|Win32.Build.0 = Debug|Win32
		{9E9B44BB-EB23-49C5-8A4E-1EB07E069FBB}.Debug|x64.ActiveCfg = Debug|Win32
		{9E9B44BB-EB23-49C5-8A4E-1EB07E069FBB}.dummy|Any CPU.ActiveCfg = Debug|Win32
		{9E9B44BB-EB23-49C5-8A4E-1EB07E069FBB}.dummy|Mixed Platforms.ActiveCfg = Debug|Win32
		{9E9B44BB-EB23-49C5-8A4E-1EB07E069FBB}.dummy|Mixed Platforms.Build.0 = Debug|Win32
		{9E9B44BB-EB23-49C5-8A4E-1EB07E069FBB}.dummy|Win32.ActiveCfg = Debug|Win32
		{9E9B44BB-EB23-49C5-8A4E-1EB07E069FBB}.dummy|Win32.Build.0 = Debug|Win32
		{9E9B44BB-EB23-49C5-8A4E-1EB07E069FBB}.dummy|x64.ActiveCfg = Debug|Win32
		{9E9B44BB-EB23-49C5-8A4E-1EB07E069FBB}.Release|Any CPU.ActiveCfg = Release|Win32
		{9E9B44BB-EB23-49C5-8A4E-1EB07E069FBB}.Release|Mixed Platforms.ActiveCfg = Release|Win32
		{9E9B44BB-EB23-49C5-8A4E-1EB07E069FBB}.Release|Mixed Platforms.Build.0 = Release|Win32
		{9E9B44BB-EB23-49C5-8A4E-1EB07E069FBB}.Release|Win32.ActiveCfg = Release|Win32
		{9E9B44BB-EB23-49C5-8A4E-1EB07E069FBB}.Release|Win32.Build.0 = Release|Win32
		{9E9B44BB-EB23-49C5-8A4E-1EB07E069FBB}.Release|x64.ActiveCfg = Release|Win32
		{50845CFE-55B9-49C9-838C-17A0F27154FD}.Debug|Any CPU.ActiveCfg = Debug|Win32
		{50845CFE-55B9-49C9-838C-17A0F27154FD}.Debug|Mixed Platforms.ActiveCfg = Debug|Win32
		{50845CFE-55B9-49C9-838C-17A0F27154FD}.Debug|Mixed Platforms.Build.0 = Debug|Win32
		{50845CFE-55B9-49C9-838C-17A0F27154FD}.Debug|Win32.ActiveCfg = Debug|Win32
		{50845CFE-55B9-49C9-838C-17A0F27154FD}.Debug|Win32.Build.0 = Debug|Win32
		{50845CFE-55B9-49C9-838C-17A0F27154FD}.Debug|x64.ActiveCfg = Debug|Win32
		{50845CFE-55B9-49C9-838C-17A0F27154FD}.dummy|Any CPU.ActiveCfg = Debug|Win32
		{50845CFE-55B9-49C9-838C-17A0F27154FD}.dummy|Mixed Platforms.ActiveCfg = Debug|Win32
		{50845CFE-55B9-49C9-838C-17A0F27154FD}.dummy|Mixed Platforms.Build.0 = Debug|Win32
		{50845CFE-55B9-49C9-838C-17A0F27154FD}.dummy|Win32.ActiveCfg = Debug|Win32
		{50845CFE-55B9-49C9-838C-17A0F27154FD}.dummy|Win32.Build.0 = Debug|Win32
		{50845CFE-55B9-49C9-838C-17A0F27154FD}.dummy|x64.ActiveCfg = Debug|Win32
		{50845CFE-55B9-49C9-838C-17A0F27154FD}.Release|Any CPU.ActiveCfg = Release|Win32
		{50845CFE-55B9-49C9-838C-17A0F27154FD}.Release|Mixed Platforms.ActiveCfg = Release|Win32
		{50845CFE-55B9-49C9-838C-17A0F27154FD}.Release|Mixed Platforms.Build.0 = Release|Win32
		{50845CFE-55B9-49C9-838C-17A0F27154FD}.Release|Win32.ActiveCfg = Release|Win32
		{50845CFE-55B9-49C9-838C-17A0F27154FD}.Release|Win32.Build.0 = Release|Win32
		{50845CFE-55B9-49C9-838C-17A0F27154FD}.Release|x64.ActiveCfg = Release|Win32
		{BC627F8A-57E5-40C6-B30C-7E29BEEA063B}.Debug|Any CPU.ActiveCfg = Debug|Any CPU
		{BC627F8A-57E5-40C6-B30C-7E29BEEA063B}.Debug|Any CPU.Build.0 = Debug|Any CPU
		{BC627F8A-57E5-40C6-B30C-7E29BEEA063B}.Debug|Mixed Platforms.ActiveCfg = Debug|Any CPU
		{BC627F8A-57E5-40C6-B30C-7E29BEEA063B}.Debug|Mixed Platforms.Build.0 = Debug|Any CPU
		{BC627F8A-57E5-40C6-B30C-7E29BEEA063B}.Debug|Win32.ActiveCfg = Debug|Any CPU
		{BC627F8A-57E5-40C6-B30C-7E29BEEA063B}.Debug|x64.ActiveCfg = Debug|Any CPU
		{BC627F8A-57E5-40C6-B30C-7E29BEEA063B}.dummy|Any CPU.ActiveCfg = Debug|Any CPU
		{BC627F8A-57E5-40C6-B30C-7E29BEEA063B}.dummy|Any CPU.Build.0 = Debug|Any CPU
		{BC627F8A-57E5-40C6-B30C-7E29BEEA063B}.dummy|Mixed Platforms.ActiveCfg = Debug|Any CPU
		{BC627F8A-57E5-40C6-B30C-7E29BEEA063B}.dummy|Mixed Platforms.Build.0 = Debug|Any CPU
		{BC627F8A-57E5-40C6-B30C-7E29BEEA063B}.dummy|Win32.ActiveCfg = Debug|Any CPU
		{BC627F8A-57E5-40C6-B30C-7E29BEEA063B}.dummy|x64.ActiveCfg = Debug|Any CPU
		{BC627F8A-57E5-40C6-B30C-7E29BEEA063B}.Release|Any CPU.ActiveCfg = Release|Any CPU
		{BC627F8A-57E5-40C6-B30C-7E29BEEA063B}.Release|Any CPU.Build.0 = Release|Any CPU
		{BC627F8A-57E5-40C6-B30C-7E29BEEA063B}.Release|Mixed Platforms.ActiveCfg = Release|Any CPU
		{BC627F8A-57E5-40C6-B30C-7E29BEEA063B}.Release|Mixed Platforms.Build.0 = Release|Any CPU
		{BC627F8A-57E5-40C6-B30C-7E29BEEA063B}.Release|Win32.ActiveCfg = Release|Any CPU
		{BC627F8A-57E5-40C6-B30C-7E29BEEA063B}.Release|x64.ActiveCfg = Release|Any CPU
		{92DF16BA-4CF8-4CAE-9305-BDC9FDECEA7C}.Debug|Any CPU.ActiveCfg = Debug|Any CPU
		{92DF16BA-4CF8-4CAE-9305-BDC9FDECEA7C}.Debug|Any CPU.Build.0 = Debug|Any CPU
		{92DF16BA-4CF8-4CAE-9305-BDC9FDECEA7C}.Debug|Mixed Platforms.ActiveCfg = Debug|Any CPU
		{92DF16BA-4CF8-4CAE-9305-BDC9FDECEA7C}.Debug|Mixed Platforms.Build.0 = Debug|Any CPU
		{92DF16BA-4CF8-4CAE-9305-BDC9FDECEA7C}.Debug|Win32.ActiveCfg = Debug|Any CPU
		{92DF16BA-4CF8-4CAE-9305-BDC9FDECEA7C}.Debug|x64.ActiveCfg = Debug|Any CPU
		{92DF16BA-4CF8-4CAE-9305-BDC9FDECEA7C}.dummy|Any CPU.ActiveCfg = Debug|Any CPU
		{92DF16BA-4CF8-4CAE-9305-BDC9FDECEA7C}.dummy|Any CPU.Build.0 = Debug|Any CPU
		{92DF16BA-4CF8-4CAE-9305-BDC9FDECEA7C}.dummy|Mixed Platforms.ActiveCfg = Debug|Any CPU
		{92DF16BA-4CF8-4CAE-9305-BDC9FDECEA7C}.dummy|Mixed Platforms.Build.0 = Debug|Any CPU
		{92DF16BA-4CF8-4CAE-9305-BDC9FDECEA7C}.dummy|Win32.ActiveCfg = Debug|Any CPU
		{92DF16BA-4CF8-4CAE-9305-BDC9FDECEA7C}.dummy|x64.ActiveCfg = Debug|Any CPU
		{92DF16BA-4CF8-4CAE-9305-BDC9FDECEA7C}.Release|Any CPU.ActiveCfg = Release|Any CPU
		{92DF16BA-4CF8-4CAE-9305-BDC9FDECEA7C}.Release|Any CPU.Build.0 = Release|Any CPU
		{92DF16BA-4CF8-4CAE-9305-BDC9FDECEA7C}.Release|Mixed Platforms.ActiveCfg = Release|Any CPU
		{92DF16BA-4CF8-4CAE-9305-BDC9FDECEA7C}.Release|Mixed Platforms.Build.0 = Release|Any CPU
		{92DF16BA-4CF8-4CAE-9305-BDC9FDECEA7C}.Release|Win32.ActiveCfg = Release|Any CPU
		{92DF16BA-4CF8-4CAE-9305-BDC9FDECEA7C}.Release|x64.ActiveCfg = Release|Any CPU
		{DF4CBFC5-6690-4DCB-81DE-589472D1DB00}.Debug|Any CPU.ActiveCfg = Debug|Win32
		{DF4CBFC5-6690-4DCB-81DE-589472D1DB00}.Debug|Mixed Platforms.ActiveCfg = Debug|Win32
		{DF4CBFC5-6690-4DCB-81DE-589472D1DB00}.Debug|Mixed Platforms.Build.0 = Debug|Win32
		{DF4CBFC5-6690-4DCB-81DE-589472D1DB00}.Debug|Win32.ActiveCfg = Debug|Win32
		{DF4CBFC5-6690-4DCB-81DE-589472D1DB00}.Debug|Win32.Build.0 = Debug|Win32
		{DF4CBFC5-6690-4DCB-81DE-589472D1DB00}.Debug|x64.ActiveCfg = Debug|Win32
		{DF4CBFC5-6690-4DCB-81DE-589472D1DB00}.dummy|Any CPU.ActiveCfg = Debug|Win32
		{DF4CBFC5-6690-4DCB-81DE-589472D1DB00}.dummy|Mixed Platforms.ActiveCfg = Debug|Win32
		{DF4CBFC5-6690-4DCB-81DE-589472D1DB00}.dummy|Mixed Platforms.Build.0 = Debug|Win32
		{DF4CBFC5-6690-4DCB-81DE-589472D1DB00}.dummy|Win32.ActiveCfg = Debug|Win32
		{DF4CBFC5-6690-4DCB-81DE-589472D1DB00}.dummy|Win32.Build.0 = Debug|Win32
		{DF4CBFC5-6690-4DCB-81DE-589472D1DB00}.dummy|x64.ActiveCfg = Debug|Win32
		{DF4CBFC5-6690-4DCB-81DE-589472D1DB00}.Release|Any CPU.ActiveCfg = Release|Win32
		{DF4CBFC5-6690-4DCB-81DE-589472D1DB00}.Release|Mixed Platforms.ActiveCfg = Release|Win32
		{DF4CBFC5-6690-4DCB-81DE-589472D1DB00}.Release|Mixed Platforms.Build.0 = Release|Win32
		{DF4CBFC5-6690-4DCB-81DE-589472D1DB00}.Release|Win32.ActiveCfg = Release|Win32
		{DF4CBFC5-6690-4DCB-81DE-589472D1DB00}.Release|Win32.Build.0 = Release|Win32
		{DF4CBFC5-6690-4DCB-81DE-589472D1DB00}.Release|x64.ActiveCfg = Release|Win32
		{7E20D1D3-111B-4927-8371-3A6233685689}.Debug|Any CPU.ActiveCfg = Debug|Win32
		{7E20D1D3-111B-4927-8371-3A6233685689}.Debug|Mixed Platforms.ActiveCfg = Debug|Win32
		{7E20D1D3-111B-4927-8371-3A6233685689}.Debug|Mixed Platforms.Build.0 = Debug|Win32
		{7E20D1D3-111B-4927-8371-3A6233685689}.Debug|Win32.ActiveCfg = Debug|Win32
		{7E20D1D3-111B-4927-8371-3A6233685689}.Debug|Win32.Build.0 = Debug|Win32
		{7E20D1D3-111B-4927-8371-3A6233685689}.Debug|x64.ActiveCfg = Debug|Win32
		{7E20D1D3-111B-4927-8371-3A6233685689}.dummy|Any CPU.ActiveCfg = Debug|Win32
		{7E20D1D3-111B-4927-8371-3A6233685689}.dummy|Mixed Platforms.ActiveCfg = Debug|Win32
		{7E20D1D3-111B-4927-8371-3A6233685689}.dummy|Mixed Platforms.Build.0 = Debug|Win32
		{7E20D1D3-111B-4927-8371-3A6233685689}.dummy|Win32.ActiveCfg = Debug|Win32
		{7E20D1D3-111B-4927-8371-3A6233685689}.dummy|Win32.Build.0 = Debug|Win32
		{7E20D1D3-111B-4927-8371-3A6233685689}.dummy|x64.ActiveCfg = Debug|Win32
		{7E20D1D3-111B-4927-8371-3A6233685689}.Release|Any CPU.ActiveCfg = Release|Win32
		{7E20D1D3-111B-4927-8371-3A6233685689}.Release|Mixed Platforms.ActiveCfg = Release|Win32
		{7E20D1D3-111B-4927-8371-3A6233685689}.Release|Mixed Platforms.Build.0 = Release|Win32
		{7E20D1D3-111B-4927-8371-3A6233685689}.Release|Win32.ActiveCfg = Release|Win32
		{7E20D1D3-111B-4927-8371-3A6233685689}.Release|Win32.Build.0 = Release|Win32
		{7E20D1D3-111B-4927-8371-3A6233685689}.Release|x64.ActiveCfg = Release|Win32
		{26C56E8B-E7AC-4EAE-9D95-A4AC67EBF49D}.Debug|Any CPU.ActiveCfg = Debug|Win32
		{26C56E8B-E7AC-4EAE-9D95-A4AC67EBF49D}.Debug|Mixed Platforms.ActiveCfg = Debug|Win32
		{26C56E8B-E7AC-4EAE-9D95-A4AC67EBF49D}.Debug|Mixed Platforms.Build.0 = Debug|Win32
		{26C56E8B-E7AC-4EAE-9D95-A4AC67EBF49D}.Debug|Win32.ActiveCfg = Debug|Win32
		{26C56E8B-E7AC-4EAE-9D95-A4AC67EBF49D}.Debug|Win32.Build.0 = Debug|Win32
		{26C56E8B-E7AC-4EAE-9D95-A4AC67EBF49D}.Debug|x64.ActiveCfg = Debug|Win32
		{26C56E8B-E7AC-4EAE-9D95-A4AC67EBF49D}.dummy|Any CPU.ActiveCfg = Debug|Win32
		{26C56E8B-E7AC-4EAE-9D95-A4AC67EBF49D}.dummy|Mixed Platforms.ActiveCfg = Debug|Win32
		{26C56E8B-E7AC-4EAE-9D95-A4AC67EBF49D}.dummy|Mixed Platforms.Build.0 = Debug|Win32
		{26C56E8B-E7AC-4EAE-9D95-A4AC67EBF49D}.dummy|Win32.ActiveCfg = Debug|Win32
		{26C56E8B-E7AC-4EAE-9D95-A4AC67EBF49D}.dummy|Win32.Build.0 = Debug|Win32
		{26C56E8B-E7AC-4EAE-9D95-A4AC67EBF49D}.dummy|x64.ActiveCfg = Debug|Win32
		{26C56E8B-E7AC-4EAE-9D95-A4AC67EBF49D}.Release|Any CPU.ActiveCfg = Release|Win32
		{26C56E8B-E7AC-4EAE-9D95-A4AC67EBF49D}.Release|Mixed Platforms.ActiveCfg = Release|Win32
		{26C56E8B-E7AC-4EAE-9D95-A4AC67EBF49D}.Release|Mixed Platforms.Build.0 = Release|Win32
		{26C56E8B-E7AC-4EAE-9D95-A4AC67EBF49D}.Release|Win32.ActiveCfg = Release|Win32
		{26C56E8B-E7AC-4EAE-9D95-A4AC67EBF49D}.Release|Win32.Build.0 = Release|Win32
		{26C56E8B-E7AC-4EAE-9D95-A4AC67EBF49D}.Release|x64.ActiveCfg = Release|Win32
		{112387A1-6378-4C10-90EA-F7735577C2A5}.Debug|Any CPU.ActiveCfg = Debug|Win32
		{112387A1-6378-4C10-90EA-F7735577C2A5}.Debug|Mixed Platforms.ActiveCfg = Debug|Win32
		{112387A1-6378-4C10-90EA-F7735577C2A5}.Debug|Mixed Platforms.Build.0 = Debug|Win32
		{112387A1-6378-4C10-90EA-F7735577C2A5}.Debug|Win32.ActiveCfg = Debug|Win32
		{112387A1-6378-4C10-90EA-F7735577C2A5}.Debug|Win32.Build.0 = Debug|Win32
		{112387A1-6378-4C10-90EA-F7735577C2A5}.Debug|x64.ActiveCfg = Debug|Win32
		{112387A1-6378-4C10-90EA-F7735577C2A5}.dummy|Any CPU.ActiveCfg = Debug|Win32
		{112387A1-6378-4C10-90EA-F7735577C2A5}.dummy|Mixed Platforms.ActiveCfg = Debug|Win32
		{112387A1-6378-4C10-90EA-F7735577C2A5}.dummy|Mixed Platforms.Build.0 = Debug|Win32
		{112387A1-6378-4C10-90EA-F7735577C2A5}.dummy|Win32.ActiveCfg = Debug|Win32
		{112387A1-6378-4C10-90EA-F7735577C2A5}.dummy|Win32.Build.0 = Debug|Win32
		{112387A1-6378-4C10-90EA-F7735577C2A5}.dummy|x64.ActiveCfg = Debug|Win32
		{112387A1-6378-4C10-90EA-F7735577C2A5}.Release|Any CPU.ActiveCfg = Release|Win32
		{112387A1-6378-4C10-90EA-F7735577C2A5}.Release|Mixed Platforms.ActiveCfg = Release|Win32
		{112387A1-6378-4C10-90EA-F7735577C2A5}.Release|Mixed Platforms.Build.0 = Release|Win32
		{112387A1-6378-4C10-90EA-F7735577C2A5}.Release|Win32.ActiveCfg = Release|Win32
		{112387A1-6378-4C10-90EA-F7735577C2A5}.Release|Win32.Build.0 = Release|Win32
		{112387A1-6378-4C10-90EA-F7735577C2A5}.Release|x64.ActiveCfg = Release|Win32
		{ED300E94-1C5C-43B1-99E7-154D6F6C8C92}.Debug|Any CPU.ActiveCfg = Debug|Win32
		{ED300E94-1C5C-43B1-99E7-154D6F6C8C92}.Debug|Mixed Platforms.ActiveCfg = Debug|Win32
		{ED300E94-1C5C-43B1-99E7-154D6F6C8C92}.Debug|Mixed Platforms.Build.0 = Debug|Win32
		{ED300E94-1C5C-43B1-99E7-154D6F6C8C92}.Debug|Win32.ActiveCfg = Debug|Win32
		{ED300E94-1C5C-43B1-99E7-154D6F6C8C92}.Debug|Win32.Build.0 = Debug|Win32
		{ED300E94-1C5C-43B1-99E7-154D6F6C8C92}.Debug|x64.ActiveCfg = Debug|Win32
		{ED300E94-1C5C-43B1-99E7-154D6F6C8C92}.dummy|Any CPU.ActiveCfg = Debug|Win32
		{ED300E94-1C5C-43B1-99E7-154D6F6C8C92}.dummy|Mixed Platforms.ActiveCfg = Debug|Win32
		{ED300E94-1C5C-43B1-99E7-154D6F6C8C92}.dummy|Mixed Platforms.Build.0 = Debug|Win32
		{ED300E94-1C5C-43B1-99E7-154D6F6C8C92}.dummy|Win32.ActiveCfg = Debug|Win32
		{ED300E94-1C5C-43B1-99E7-154D6F6C8C92}.dummy|Win32.Build.0 = Debug|Win32
		{ED300E94-1C5C-43B1-99E7-154D6F6C8C92}.dummy|x64.ActiveCfg = Debug|Win32
		{ED300E94-1C5C-43B1-99E7-154D6F6C8C92}.Release|Any CPU.ActiveCfg = Release|Win32
		{ED300E94-1C5C-43B1-99E7-154D6F6C8C92}.Release|Mixed Platforms.ActiveCfg = Release|Win32
		{ED300E94-1C5C-43B1-99E7-154D6F6C8C92}.Release|Mixed Platforms.Build.0 = Release|Win32
		{ED300E94-1C5C-43B1-99E7-154D6F6C8C92}.Release|Win32.ActiveCfg = Release|Win32
		{ED300E94-1C5C-43B1-99E7-154D6F6C8C92}.Release|Win32.Build.0 = Release|Win32
		{ED300E94-1C5C-43B1-99E7-154D6F6C8C92}.Release|x64.ActiveCfg = Release|Win32
		{B59EB318-70BF-410B-8457-EB0FB9693BCF}.Debug|Any CPU.ActiveCfg = Debug|Win32
		{B59EB318-70BF-410B-8457-EB0FB9693BCF}.Debug|Mixed Platforms.ActiveCfg = Debug|Win32
		{B59EB318-70BF-410B-8457-EB0FB9693BCF}.Debug|Mixed Platforms.Build.0 = Debug|Win32
		{B59EB318-70BF-410B-8457-EB0FB9693BCF}.Debug|Win32.ActiveCfg = Debug|Win32
		{B59EB318-70BF-410B-8457-EB0FB9693BCF}.Debug|Win32.Build.0 = Debug|Win32
		{B59EB318-70BF-410B-8457-EB0FB9693BCF}.Debug|x64.ActiveCfg = Debug|Win32
		{B59EB318-70BF-410B-8457-EB0FB9693BCF}.dummy|Any CPU.ActiveCfg = Debug|Win32
		{B59EB318-70BF-410B-8457-EB0FB9693BCF}.dummy|Mixed Platforms.ActiveCfg = Debug|Win32
		{B59EB318-70BF-410B-8457-EB0FB9693BCF}.dummy|Mixed Platforms.Build.0 = Debug|Win32
		{B59EB318-70BF-410B-8457-EB0FB9693BCF}.dummy|Win32.ActiveCfg = Debug|Win32
		{B59EB318-70BF-410B-8457-EB0FB9693BCF}.dummy|Win32.Build.0 = Debug|Win32
		{B59EB318-70BF-410B-8457-EB0FB9693BCF}.dummy|x64.ActiveCfg = Debug|Win32
		{B59EB318-70BF-410B-8457-EB0FB9693BCF}.Release|Any CPU.ActiveCfg = Release|Win32
		{B59EB318-70BF-410B-8457-EB0FB9693BCF}.Release|Mixed Platforms.ActiveCfg = Release|Win32
		{B59EB318-70BF-410B-8457-EB0FB9693BCF}.Release|Mixed Platforms.Build.0 = Release|Win32
		{B59EB318-70BF-410B-8457-EB0FB9693BCF}.Release|Win32.ActiveCfg = Release|Win32
		{B59EB318-70BF-410B-8457-EB0FB9693BCF}.Release|Win32.Build.0 = Release|Win32
		{B59EB318-70BF-410B-8457-EB0FB9693BCF}.Release|x64.ActiveCfg = Release|Win32
		{7977A5A2-4520-43F6-A966-D749AEAD21DE}.Debug|Any CPU.ActiveCfg = Debug|Win32
		{7977A5A2-4520-43F6-A966-D749AEAD21DE}.Debug|Mixed Platforms.ActiveCfg = Debug|Win32
		{7977A5A2-4520-43F6-A966-D749AEAD21DE}.Debug|Mixed Platforms.Build.0 = Debug|Win32
		{7977A5A2-4520-43F6-A966-D749AEAD21DE}.Debug|Win32.ActiveCfg = Debug|Win32
		{7977A5A2-4520-43F6-A966-D749AEAD21DE}.Debug|Win32.Build.0 = Debug|Win32
		{7977A5A2-4520-43F6-A966-D749AEAD21DE}.Debug|x64.ActiveCfg = Debug|Win32
		{7977A5A2-4520-43F6-A966-D749AEAD21DE}.dummy|Any CPU.ActiveCfg = Debug|Win32
		{7977A5A2-4520-43F6-A966-D749AEAD21DE}.dummy|Mixed Platforms.ActiveCfg = Debug|Win32
		{7977A5A2-4520-43F6-A966-D749AEAD21DE}.dummy|Mixed Platforms.Build.0 = Debug|Win32
		{7977A5A2-4520-43F6-A966-D749AEAD21DE}.dummy|Win32.ActiveCfg = Debug|Win32
		{7977A5A2-4520-43F6-A966-D749AEAD21DE}.dummy|Win32.Build.0 = Debug|Win32
		{7977A5A2-4520-43F6-A966-D749AEAD21DE}.dummy|x64.ActiveCfg = Debug|Win32
		{7977A5A2-4520-43F6-A966-D749AEAD21DE}.Release|Any CPU.ActiveCfg = Release|Win32
		{7977A5A2-4520-43F6-A966-D749AEAD21DE}.Release|Mixed Platforms.ActiveCfg = Release|Win32
		{7977A5A2-4520-43F6-A966-D749AEAD21DE}.Release|Mixed Platforms.Build.0 = Release|Win32
		{7977A5A2-4520-43F6-A966-D749AEAD21DE}.Release|Win32.ActiveCfg = Release|Win32
		{7977A5A2-4520-43F6-A966-D749AEAD21DE}.Release|Win32.Build.0 = Release|Win32
		{7977A5A2-4520-43F6-A966-D749AEAD21DE}.Release|x64.ActiveCfg = Release|Win32
		{5B893221-B35C-4E2A-97C4-AB3BD3459D7D}.Debug|Any CPU.ActiveCfg = Debug|Win32
		{5B893221-B35C-4E2A-97C4-AB3BD3459D7D}.Debug|Mixed Platforms.ActiveCfg = Debug|Win32
		{5B893221-B35C-4E2A-97C4-AB3BD3459D7D}.Debug|Mixed Platforms.Build.0 = Debug|Win32
		{5B893221-B35C-4E2A-97C4-AB3BD3459D7D}.Debug|Win32.ActiveCfg = Debug|Win32
		{5B893221-B35C-4E2A-97C4-AB3BD3459D7D}.Debug|Win32.Build.0 = Debug|Win32
		{5B893221-B35C-4E2A-97C4-AB3BD3459D7D}.Debug|x64.ActiveCfg = Debug|Win32
		{5B893221-B35C-4E2A-97C4-AB3BD3459D7D}.dummy|Any CPU.ActiveCfg = Debug|Win32
		{5B893221-B35C-4E2A-97C4-AB3BD3459D7D}.dummy|Mixed Platforms.ActiveCfg = Debug|Win32
		{5B893221-B35C-4E2A-97C4-AB3BD3459D7D}.dummy|Mixed Platforms.Build.0 = Debug|Win32
		{5B893221-B35C-4E2A-97C4-AB3BD3459D7D}.dummy|Win32.ActiveCfg = Debug|Win32
		{5B893221-B35C-4E2A-97C4-AB3BD3459D7D}.dummy|Win32.Build.0 = Debug|Win32
		{5B893221-B35C-4E2A-97C4-AB3BD3459D7D}.dummy|x64.ActiveCfg = Debug|Win32
		{5B893221-B35C-4E2A-97C4-AB3BD3459D7D}.Release|Any CPU.ActiveCfg = Release|Win32
		{5B893221-B35C-4E2A-97C4-AB3BD3459D7D}.Release|Mixed Platforms.ActiveCfg = Release|Win32
		{5B893221-B35C-4E2A-97C4-AB3BD3459D7D}.Release|Mixed Platforms.Build.0 = Release|Win32
		{5B893221-B35C-4E2A-97C4-AB3BD3459D7D}.Release|Win32.ActiveCfg = Release|Win32
		{5B893221-B35C-4E2A-97C4-AB3BD3459D7D}.Release|Win32.Build.0 = Release|Win32
		{5B893221-B35C-4E2A-97C4-AB3BD3459D7D}.Release|x64.ActiveCfg = Release|Win32
		{D09DF140-8A88-4905-8E77-2255B1D5BE7A}.Debug|Any CPU.ActiveCfg = Debug|Win32
		{D09DF140-8A88-4905-8E77-2255B1D5BE7A}.Debug|Mixed Platforms.ActiveCfg = Debug|Win32
		{D09DF140-8A88-4905-8E77-2255B1D5BE7A}.Debug|Mixed Platforms.Build.0 = Debug|Win32
		{D09DF140-8A88-4905-8E77-2255B1D5BE7A}.Debug|Win32.ActiveCfg = Debug|Win32
		{D09DF140-8A88-4905-8E77-2255B1D5BE7A}.Debug|Win32.Build.0 = Debug|Win32
		{D09DF140-8A88-4905-8E77-2255B1D5BE7A}.Debug|x64.ActiveCfg = Debug|Win32
		{D09DF140-8A88-4905-8E77-2255B1D5BE7A}.dummy|Any CPU.ActiveCfg = Debug|Win32
		{D09DF140-8A88-4905-8E77-2255B1D5BE7A}.dummy|Mixed Platforms.ActiveCfg = Debug|Win32
		{D09DF140-8A88-4905-8E77-2255B1D5BE7A}.dummy|Mixed Platforms.Build.0 = Debug|Win32
		{D09DF140-8A88-4905-8E77-2255B1D5BE7A}.dummy|Win32.ActiveCfg = Debug|Win32
		{D09DF140-8A88-4905-8E77-2255B1D5BE7A}.dummy|Win32.Build.0 = Debug|Win32
		{D09DF140-8A88-4905-8E77-2255B1D5BE7A}.dummy|x64.ActiveCfg = Debug|Win32
		{D09DF140-8A88-4905-8E77-2255B1D5BE7A}.Release|Any CPU.ActiveCfg = Release|Win32
		{D09DF140-8A88-4905-8E77-2255B1D5BE7A}.Release|Mixed Platforms.ActiveCfg = Release|Win32
		{D09DF140-8A88-4905-8E77-2255B1D5BE7A}.Release|Mixed Platforms.Build.0 = Release|Win32
		{D09DF140-8A88-4905-8E77-2255B1D5BE7A}.Release|Win32.ActiveCfg = Release|Win32
		{D09DF140-8A88-4905-8E77-2255B1D5BE7A}.Release|Win32.Build.0 = Release|Win32
		{D09DF140-8A88-4905-8E77-2255B1D5BE7A}.Release|x64.ActiveCfg = Release|Win32
	EndGlobalSection
	GlobalSection(SolutionProperties) = preSolution
		HideSolutionNode = FALSE
	EndGlobalSection
EndGlobal
