
Microsoft Visual Studio Solution File, Format Version 12.00
# Visual Studio 2013
VisualStudioVersion = 12.0.31101.0
MinimumVisualStudioVersion = 10.0.40219.1
Project("{8BC9CEB8-8B4A-11D0-8D11-00A0C91BC942}") = "iocphttpdlib", "iocphttpdlib\iocphttpdlib.vcxproj", "{ACA636DC-C983-41BA-AC3C-061470242BA3}"
	ProjectSection(ProjectDependencies) = postProject
		{BB848CBE-8AF6-4920-B52F-378022E4265E} = {BB848CBE-8AF6-4920-B52F-378022E4265E}
		{B9BA68C6-3667-459D-BD66-4EFF7269BACA} = {B9BA68C6-3667-459D-BD66-4EFF7269BACA}
	EndProjectSection
EndProject
Project("{8BC9CEB8-8B4A-11D0-8D11-00A0C91BC942}") = "iocphttpd", "iocphttpd\iocphttpd.vcxproj", "{54F797E9-FB21-4BBE-914C-4EFD66861330}"
	ProjectSection(ProjectDependencies) = postProject
		{BB848CBE-8AF6-4920-B52F-378022E4265E} = {BB848CBE-8AF6-4920-B52F-378022E4265E}
		{B9BA68C6-3667-459D-BD66-4EFF7269BACA} = {B9BA68C6-3667-459D-BD66-4EFF7269BACA}
		{ACA636DC-C983-41BA-AC3C-061470242BA3} = {ACA636DC-C983-41BA-AC3C-061470242BA3}
	EndProjectSection
EndProject
Project("{8BC9CEB8-8B4A-11D0-8D11-00A0C91BC942}") = "jsonlib", "jsonlib\jsonlib.vcxproj", "{B9BA68C6-3667-459D-BD66-4EFF7269BACA}"
EndProject
Project("{FAE04EC0-301F-11D3-BF4B-00C04F79EFBC}") = "UnitTestProject1.test-assembly", "UnitTestProject1.test-assembly\UnitTestProject1.test-assembly.csproj", "{6DA66AC1-C34F-4FF8-81FC-149E21CFBB52}"
EndProject
Project("{8BC9CEB8-8B4A-11D0-8D11-00A0C91BC942}") = "parserlib", "parserlib\parserlib.vcxproj", "{BB848CBE-8AF6-4920-B52F-378022E4265E}"
EndProject
Project("{8BC9CEB8-8B4A-11D0-8D11-00A0C91BC942}") = "Native.test-assembly", "Native.test-assembly\Native.test-assembly.vcxproj", "{7946576F-A61C-4BA3-97D2-0945B7091BA5}"
	ProjectSection(ProjectDependencies) = postProject
		{BB848CBE-8AF6-4920-B52F-378022E4265E} = {BB848CBE-8AF6-4920-B52F-378022E4265E}
		{B9BA68C6-3667-459D-BD66-4EFF7269BACA} = {B9BA68C6-3667-459D-BD66-4EFF7269BACA}
		{ACA636DC-C983-41BA-AC3C-061470242BA3} = {ACA636DC-C983-41BA-AC3C-061470242BA3}
	EndProjectSection
EndProject
Global
	GlobalSection(SolutionConfigurationPlatforms) = preSolution
		Debug|Any CPU = Debug|Any CPU
		Debug|Mixed Platforms = Debug|Mixed Platforms
		Debug|Win32 = Debug|Win32
		Debug|x64 = Debug|x64
		dummy|Any CPU = dummy|Any CPU
		dummy|Mixed Platforms = dummy|Mixed Platforms
		dummy|Win32 = dummy|Win32
		dummy|x64 = dummy|x64
		Release|Any CPU = Release|Any CPU
		Release|Mixed Platforms = Release|Mixed Platforms
		Release|Win32 = Release|Win32
		Release|x64 = Release|x64
	EndGlobalSection
	GlobalSection(ProjectConfigurationPlatforms) = postSolution
		{ACA636DC-C983-41BA-AC3C-061470242BA3}.Debug|Any CPU.ActiveCfg = Debug|Win32
		{ACA636DC-C983-41BA-AC3C-061470242BA3}.Debug|Mixed Platforms.ActiveCfg = Debug|Win32
		{ACA636DC-C983-41BA-AC3C-061470242BA3}.Debug|Mixed Platforms.Build.0 = Debug|Win32
		{ACA636DC-C983-41BA-AC3C-061470242BA3}.Debug|Win32.ActiveCfg = Debug|Win32
		{ACA636DC-C983-41BA-AC3C-061470242BA3}.Debug|Win32.Build.0 = Debug|Win32
		{ACA636DC-C983-41BA-AC3C-061470242BA3}.Debug|x64.ActiveCfg = Debug|Win32
		{ACA636DC-C983-41BA-AC3C-061470242BA3}.dummy|Any CPU.ActiveCfg = Debug|Win32
		{ACA636DC-C983-41BA-AC3C-061470242BA3}.dummy|Mixed Platforms.ActiveCfg = Debug|Win32
		{ACA636DC-C983-41BA-AC3C-061470242BA3}.dummy|Mixed Platforms.Build.0 = Debug|Win32
		{ACA636DC-C983-41BA-AC3C-061470242BA3}.dummy|Win32.ActiveCfg = Debug|Win32
		{ACA636DC-C983-41BA-AC3C-061470242BA3}.dummy|Win32.Build.0 = Debug|Win32
		{ACA636DC-C983-41BA-AC3C-061470242BA3}.dummy|x64.ActiveCfg = Debug|Win32
		{ACA636DC-C983-41BA-AC3C-061470242BA3}.Release|Any CPU.ActiveCfg = Release|Win32
		{ACA636DC-C983-41BA-AC3C-061470242BA3}.Release|Mixed Platforms.ActiveCfg = Release|Win32
		{ACA636DC-C983-41BA-AC3C-061470242BA3}.Release|Mixed Platforms.Build.0 = Release|Win32
		{ACA636DC-C983-41BA-AC3C-061470242BA3}.Release|Win32.ActiveCfg = Release|Win32
		{ACA636DC-C983-41BA-AC3C-061470242BA3}.Release|Win32.Build.0 = Release|Win32
		{ACA636DC-C983-41BA-AC3C-061470242BA3}.Release|x64.ActiveCfg = Release|Win32
		{54F797E9-FB21-4BBE-914C-4EFD66861330}.Debug|Any CPU.ActiveCfg = Debug|Win32
		{54F797E9-FB21-4BBE-914C-4EFD66861330}.Debug|Mixed Platforms.ActiveCfg = Debug|Win32
		{54F797E9-FB21-4BBE-914C-4EFD66861330}.Debug|Mixed Platforms.Build.0 = Debug|Win32
		{54F797E9-FB21-4BBE-914C-4EFD66861330}.Debug|Win32.ActiveCfg = Debug|Win32
		{54F797E9-FB21-4BBE-914C-4EFD66861330}.Debug|Win32.Build.0 = Debug|Win32
		{54F797E9-FB21-4BBE-914C-4EFD66861330}.Debug|x64.ActiveCfg = Debug|Win32
		{54F797E9-FB21-4BBE-914C-4EFD66861330}.dummy|Any CPU.ActiveCfg = Debug|Win32
		{54F797E9-FB21-4BBE-914C-4EFD66861330}.dummy|Mixed Platforms.ActiveCfg = Debug|Win32
		{54F797E9-FB21-4BBE-914C-4EFD66861330}.dummy|Mixed Platforms.Build.0 = Debug|Win32
		{54F797E9-FB21-4BBE-914C-4EFD66861330}.dummy|Win32.ActiveCfg = Debug|Win32
		{54F797E9-FB21-4BBE-914C-4EFD66861330}.dummy|Win32.Build.0 = Debug|Win32
		{54F797E9-FB21-4BBE-914C-4EFD66861330}.dummy|x64.ActiveCfg = Debug|Win32
		{54F797E9-FB21-4BBE-914C-4EFD66861330}.Release|Any CPU.ActiveCfg = Release|Win32
		{54F797E9-FB21-4BBE-914C-4EFD66861330}.Release|Mixed Platforms.ActiveCfg = Release|Win32
		{54F797E9-FB21-4BBE-914C-4EFD66861330}.Release|Mixed Platforms.Build.0 = Release|Win32
		{54F797E9-FB21-4BBE-914C-4EFD66861330}.Release|Win32.ActiveCfg = Release|Win32
		{54F797E9-FB21-4BBE-914C-4EFD66861330}.Release|Win32.Build.0 = Release|Win32
		{54F797E9-FB21-4BBE-914C-4EFD66861330}.Release|x64.ActiveCfg = Release|Win32
		{B9BA68C6-3667-459D-BD66-4EFF7269BACA}.Debug|Any CPU.ActiveCfg = Debug|Win32
		{B9BA68C6-3667-459D-BD66-4EFF7269BACA}.Debug|Mixed Platforms.ActiveCfg = Debug|Win32
		{B9BA68C6-3667-459D-BD66-4EFF7269BACA}.Debug|Mixed Platforms.Build.0 = Debug|Win32
		{B9BA68C6-3667-459D-BD66-4EFF7269BACA}.Debug|Win32.ActiveCfg = Debug|Win32
		{B9BA68C6-3667-459D-BD66-4EFF7269BACA}.Debug|Win32.Build.0 = Debug|Win32
		{B9BA68C6-3667-459D-BD66-4EFF7269BACA}.Debug|x64.ActiveCfg = Debug|Win32
		{B9BA68C6-3667-459D-BD66-4EFF7269BACA}.dummy|Any CPU.ActiveCfg = Debug|Win32
		{B9BA68C6-3667-459D-BD66-4EFF7269BACA}.dummy|Mixed Platforms.ActiveCfg = Debug|Win32
		{B9BA68C6-3667-459D-BD66-4EFF7269BACA}.dummy|Mixed Platforms.Build.0 = Debug|Win32
		{B9BA68C6-3667-459D-BD66-4EFF7269BACA}.dummy|Win32.ActiveCfg = Debug|Win32
		{B9BA68C6-3667-459D-BD66-4EFF7269BACA}.dummy|Win32.Build.0 = Debug|Win32
		{B9BA68C6-3667-459D-BD66-4EFF7269BACA}.dummy|x64.ActiveCfg = Debug|Win32
		{B9BA68C6-3667-459D-BD66-4EFF7269BACA}.Release|Any CPU.ActiveCfg = Release|Win32
		{B9BA68C6-3667-459D-BD66-4EFF7269BACA}.Release|Mixed Platforms.ActiveCfg = Release|Win32
		{B9BA68C6-3667-459D-BD66-4EFF7269BACA}.Release|Mixed Platforms.Build.0 = Release|Win32
		{B9BA68C6-3667-459D-BD66-4EFF7269BACA}.Release|Win32.ActiveCfg = Release|Win32
		{B9BA68C6-3667-459D-BD66-4EFF7269BACA}.Release|Win32.Build.0 = Release|Win32
		{B9BA68C6-3667-459D-BD66-4EFF7269BACA}.Release|x64.ActiveCfg = Release|Win32
		{6DA66AC1-C34F-4FF8-81FC-149E21CFBB52}.Debug|Any CPU.ActiveCfg = Debug|Any CPU
		{6DA66AC1-C34F-4FF8-81FC-149E21CFBB52}.Debug|Any CPU.Build.0 = Debug|Any CPU
		{6DA66AC1-C34F-4FF8-81FC-149E21CFBB52}.Debug|Mixed Platforms.ActiveCfg = Debug|Any CPU
		{6DA66AC1-C34F-4FF8-81FC-149E21CFBB52}.Debug|Mixed Platforms.Build.0 = Debug|Any CPU
		{6DA66AC1-C34F-4FF8-81FC-149E21CFBB52}.Debug|Win32.ActiveCfg = Debug|Any CPU
		{6DA66AC1-C34F-4FF8-81FC-149E21CFBB52}.Debug|x64.ActiveCfg = Debug|Any CPU
		{6DA66AC1-C34F-4FF8-81FC-149E21CFBB52}.dummy|Any CPU.ActiveCfg = Debug|Any CPU
		{6DA66AC1-C34F-4FF8-81FC-149E21CFBB52}.dummy|Any CPU.Build.0 = Debug|Any CPU
		{6DA66AC1-C34F-4FF8-81FC-149E21CFBB52}.dummy|Mixed Platforms.ActiveCfg = Debug|Any CPU
		{6DA66AC1-C34F-4FF8-81FC-149E21CFBB52}.dummy|Mixed Platforms.Build.0 = Debug|Any CPU
		{6DA66AC1-C34F-4FF8-81FC-149E21CFBB52}.dummy|Win32.ActiveCfg = Debug|Any CPU
		{6DA66AC1-C34F-4FF8-81FC-149E21CFBB52}.dummy|x64.ActiveCfg = Debug|Any CPU
		{6DA66AC1-C34F-4FF8-81FC-149E21CFBB52}.Release|Any CPU.ActiveCfg = Release|Any CPU
		{6DA66AC1-C34F-4FF8-81FC-149E21CFBB52}.Release|Any CPU.Build.0 = Release|Any CPU
		{6DA66AC1-C34F-4FF8-81FC-149E21CFBB52}.Release|Mixed Platforms.ActiveCfg = Release|Any CPU
		{6DA66AC1-C34F-4FF8-81FC-149E21CFBB52}.Release|Mixed Platforms.Build.0 = Release|Any CPU
		{6DA66AC1-C34F-4FF8-81FC-149E21CFBB52}.Release|Win32.ActiveCfg = Release|Any CPU
		{6DA66AC1-C34F-4FF8-81FC-149E21CFBB52}.Release|x64.ActiveCfg = Release|Any CPU
		{BB848CBE-8AF6-4920-B52F-378022E4265E}.Debug|Any CPU.ActiveCfg = Debug|Win32
		{BB848CBE-8AF6-4920-B52F-378022E4265E}.Debug|Mixed Platforms.ActiveCfg = Debug|Win32
		{BB848CBE-8AF6-4920-B52F-378022E4265E}.Debug|Mixed Platforms.Build.0 = Debug|Win32
		{BB848CBE-8AF6-4920-B52F-378022E4265E}.Debug|Win32.ActiveCfg = Debug|Win32
		{BB848CBE-8AF6-4920-B52F-378022E4265E}.Debug|Win32.Build.0 = Debug|Win32
		{BB848CBE-8AF6-4920-B52F-378022E4265E}.Debug|x64.ActiveCfg = Debug|Win32
		{BB848CBE-8AF6-4920-B52F-378022E4265E}.dummy|Any CPU.ActiveCfg = Debug|Win32
		{BB848CBE-8AF6-4920-B52F-378022E4265E}.dummy|Mixed Platforms.ActiveCfg = Debug|Win32
		{BB848CBE-8AF6-4920-B52F-378022E4265E}.dummy|Mixed Platforms.Build.0 = Debug|Win32
		{BB848CBE-8AF6-4920-B52F-378022E4265E}.dummy|Win32.ActiveCfg = Debug|Win32
		{BB848CBE-8AF6-4920-B52F-378022E4265E}.dummy|Win32.Build.0 = Debug|Win32
		{BB848CBE-8AF6-4920-B52F-378022E4265E}.dummy|x64.ActiveCfg = Debug|Win32
		{BB848CBE-8AF6-4920-B52F-378022E4265E}.Release|Any CPU.ActiveCfg = Release|Win32
		{BB848CBE-8AF6-4920-B52F-378022E4265E}.Release|Mixed Platforms.ActiveCfg = Release|Win32
		{BB848CBE-8AF6-4920-B52F-378022E4265E}.Release|Mixed Platforms.Build.0 = Release|Win32
		{BB848CBE-8AF6-4920-B52F-378022E4265E}.Release|Win32.ActiveCfg = Release|Win32
		{BB848CBE-8AF6-4920-B52F-378022E4265E}.Release|Win32.Build.0 = Release|Win32
		{BB848CBE-8AF6-4920-B52F-378022E4265E}.Release|x64.ActiveCfg = Release|Win32
		{7946576F-A61C-4BA3-97D2-0945B7091BA5}.Debug|Any CPU.ActiveCfg = Debug|Win32
		{7946576F-A61C-4BA3-97D2-0945B7091BA5}.Debug|Mixed Platforms.ActiveCfg = Debug|Win32
		{7946576F-A61C-4BA3-97D2-0945B7091BA5}.Debug|Mixed Platforms.Build.0 = Debug|Win32
		{7946576F-A61C-4BA3-97D2-0945B7091BA5}.Debug|Win32.ActiveCfg = Debug|Win32
		{7946576F-A61C-4BA3-97D2-0945B7091BA5}.Debug|Win32.Build.0 = Debug|Win32
		{7946576F-A61C-4BA3-97D2-0945B7091BA5}.Debug|x64.ActiveCfg = Debug|Win32
		{7946576F-A61C-4BA3-97D2-0945B7091BA5}.dummy|Any CPU.ActiveCfg = Debug|Win32
		{7946576F-A61C-4BA3-97D2-0945B7091BA5}.dummy|Mixed Platforms.ActiveCfg = Debug|Win32
		{7946576F-A61C-4BA3-97D2-0945B7091BA5}.dummy|Mixed Platforms.Build.0 = Debug|Win32
		{7946576F-A61C-4BA3-97D2-0945B7091BA5}.dummy|Win32.ActiveCfg = Debug|Win32
		{7946576F-A61C-4BA3-97D2-0945B7091BA5}.dummy|Win32.Build.0 = Debug|Win32
		{7946576F-A61C-4BA3-97D2-0945B7091BA5}.dummy|x64.ActiveCfg = Debug|Win32
		{7946576F-A61C-4BA3-97D2-0945B7091BA5}.Release|Any CPU.ActiveCfg = Release|Win32
		{7946576F-A61C-4BA3-97D2-0945B7091BA5}.Release|Mixed Platforms.ActiveCfg = Release|Win32
		{7946576F-A61C-4BA3-97D2-0945B7091BA5}.Release|Mixed Platforms.Build.0 = Release|Win32
		{7946576F-A61C-4BA3-97D2-0945B7091BA5}.Release|Win32.ActiveCfg = Release|Win32
		{7946576F-A61C-4BA3-97D2-0945B7091BA5}.Release|Win32.Build.0 = Release|Win32
		{7946576F-A61C-4BA3-97D2-0945B7091BA5}.Release|x64.ActiveCfg = Release|Win32
	EndGlobalSection
	GlobalSection(SolutionProperties) = preSolution
		HideSolutionNode = FALSE
	EndGlobalSection
EndGlobal
