<?xml version="1.0" encoding="utf-8"?>
<Project ToolsVersion="4.0" xmlns="http://schemas.microsoft.com/developer/msbuild/2003">
  <ItemGroup>
    <Filter Include="Source Files">
      <UniqueIdentifier>{4FC737F1-C7A5-4376-A066-2A32D752A2FF}</UniqueIdentifier>
      <Extensions>cpp;c;cc;cxx;def;odl;idl;hpj;bat;asm;asmx</Extensions>
    </Filter>
    <Filter Include="Header Files">
      <UniqueIdentifier>{93995380-89BD-4b04-88EB-625FBE52EBFB}</UniqueIdentifier>
      <Extensions>h;hh;hpp;hxx;hm;inl;inc;xsd</Extensions>
    </Filter>
    <Filter Include="Resource Files">
      <UniqueIdentifier>{67DA6AB6-F800-4c08-8B7A-83BB121AAD01}</UniqueIdentifier>
      <Extensions>rc;ico;cur;bmp;dlg;rc2;rct;bin;rgs;gif;jpg;jpeg;jpe;resx;tiff;tif;png;wav;mfcribbon-ms</Extensions>
    </Filter>
    <Filter Include="httpparser">
      <UniqueIdentifier>{f7c57502-5cf6-4899-9e58-dc4095ac9f7e}</UniqueIdentifier>
    </Filter>
    <Filter Include="jsonparser">
      <UniqueIdentifier>{fe4ab0cd-9e6b-44be-a2ba-dd665aa04a9e}</UniqueIdentifier>
    </Filter>
  </ItemGroup>
  <ItemGroup>
    <Text Include="ReadMe.txt" />
  </ItemGroup>
  <ItemGroup>
    <ClInclude Include="stdafx.h">
      <Filter>Header Files</Filter>
    </ClInclude>
    <ClInclude Include="targetver.h">
      <Filter>Header Files</Filter>
    </ClInclude>
    <ClInclude Include="iocphttpl.h">
      <Filter>Header Files</Filter>
    </ClInclude>
    <ClInclude Include="SocketCompletionPortServer.h">
      <Filter>Header Files</Filter>
    </ClInclude>
    <ClInclude Include="ParserHeader.h">
      <Filter>Header Files</Filter>
    </ClInclude>
    <ClInclude Include="HttpUrlRoute.h">
      <Filter>Header Files</Filter>
    </ClInclude>
    <ClInclude Include="HttpResponse.h">
      <Filter>Header Files</Filter>
    </ClInclude>
    <ClInclude Include="HttpRequest.h">
      <Filter>Header Files</Filter>
    </ClInclude>
    <ClInclude Include="HttpHeader.h">
      <Filter>Header Files</Filter>
    </ClInclude>
    <ClInclude Include="Enums.h">
      <Filter>Header Files</Filter>
    </ClInclude>
    <ClInclude Include="httpparser.tab.h">
      <Filter>httpparser</Filter>
    </ClInclude>
    <ClInclude Include="httpparserast.h">
      <Filter>httpparser</Filter>
    </ClInclude>
    <ClInclude Include="jsonp.tab.h">
      <Filter>jsonparser</Filter>
    </ClInclude>
    <ClInclude Include="HParser.h">
      <Filter>httpparser</Filter>
    </ClInclude>
    <ClInclude Include="Jsonp.h">
      <Filter>jsonparser</Filter>
    </ClInclude>
    <ClInclude Include="HttpTemplate.h">
      <Filter>Header Files</Filter>
    </ClInclude>
    <ClInclude Include="ScannerA.h">
      <Filter>Header Files</Filter>
    </ClInclude>
    <ClInclude Include="RequestParser.h">
      <Filter>Header Files</Filter>
    </ClInclude>
  </ItemGroup>
  <ItemGroup>
    <ClCompile Include="stdafx.cpp">
      <Filter>Source Files</Filter>
    </ClCompile>
    <ClCompile Include="iocphttpl.cpp">
      <Filter>Source Files</Filter>
    </ClCompile>
    <ClCompile Include="dllmain.cpp">
      <Filter>Source Files</Filter>
    </ClCompile>
    <ClCompile Include="SocketCompletionPortServer.cpp">
      <Filter>Source Files</Filter>
    </ClCompile>
    <ClCompile Include="ParserHeader.cpp">
      <Filter>Source Files</Filter>
    </ClCompile>
    <ClCompile Include="HttpUrlRoute.cpp">
      <Filter>Source Files</Filter>
    </ClCompile>
    <ClCompile Include="HttpResponse.cpp">
      <Filter>Source Files</Filter>
    </ClCompile>
    <ClCompile Include="HttpRequest.cpp">
      <Filter>Source Files</Filter>
    </ClCompile>
    <ClCompile Include="HttpHeader.cpp">
      <Filter>Source Files</Filter>
    </ClCompile>
    <ClCompile Include="httpparser.flex.cpp">
      <Filter>httpparser</Filter>
    </ClCompile>
    <ClCompile Include="httpparser.tab.cpp">
      <Filter>httpparser</Filter>
    </ClCompile>
    <ClCompile Include="jsonp.flex.cpp">
      <Filter>jsonparser</Filter>
    </ClCompile>
    <ClCompile Include="jsonp.tab.cpp">
      <Filter>jsonparser</Filter>
    </ClCompile>
    <ClCompile Include="HParser.cpp">
      <Filter>httpparser</Filter>
    </ClCompile>
    <ClCompile Include="Jsonp.cpp">
      <Filter>jsonparser</Filter>
    </ClCompile>
    <ClCompile Include="HttpTemplate.cpp">
      <Filter>Source Files</Filter>
    </ClCompile>
    <ClCompile Include="ScannerA.cpp">
      <Filter>Source Files</Filter>
    </ClCompile>
    <ClCompile Include="RequestParser.cpp">
      <Filter>Source Files</Filter>
    </ClCompile>
  </ItemGroup>
  <ItemGroup>
    <Flex Include="httpparser.l">
      <Filter>httpparser</Filter>
    </Flex>
    <Flex Include="jsonp.l">
      <Filter>jsonparser</Filter>
    </Flex>
  </ItemGroup>
  <ItemGroup>
    <Bison Include="httpparser.y">
      <Filter>httpparser</Filter>
    </Bison>
    <Bison Include="jsonp.y">
      <Filter>jsonparser</Filter>
    </Bison>
  </ItemGroup>
</Project>